// !$*UTF8*$!
{
	archiveVersion = 1;
	classes = {
	};
	objectVersion = 42;
	objects = {

/* Begin PBXBuildFile section */
		5C050E73119EFC0D003EE1DB /* mac.cpp in Sources */ = {isa = PBXBuildFile; fileRef = 5C050E71119EFC0D003EE1DB /* mac.cpp */; };
		5C1FB1D5119DE5A1003F1D22 /* main.cpp in Sources */ = {isa = PBXBuildFile; fileRef = 5C1FB1D4119DE5A1003F1D22 /* main.cpp */; };
		5C1FB1D6119DE5A1003F1D22 /* main.cpp in Sources */ = {isa = PBXBuildFile; fileRef = 5C1FB1D4119DE5A1003F1D22 /* main.cpp */; };
		5C7E10E3119EF4D800C8A7BC /* res in Resources */ = {isa = PBXBuildFile; fileRef = 5C7E10D7119EF4D800C8A7BC /* res */; };
		5CA77296119DE44A000C0142 /* device.cpp in Sources */ = {isa = PBXBuildFile; fileRef = 5CA77208119DE448000C0142 /* device.cpp */; };
		5CA77297119DE44A000C0142 /* fdd.cpp in Sources */ = {isa = PBXBuildFile; fileRef = 5CA7720B119DE448000C0142 /* fdd.cpp */; };
		5CA77298119DE44A000C0142 /* wd1793.cpp in Sources */ = {isa = PBXBuildFile; fileRef = 5CA7720D119DE448000C0142 /* wd1793.cpp */; };
		5CA77299119DE44A000C0142 /* kempston_joy.cpp in Sources */ = {isa = PBXBuildFile; fileRef = 5CA77210119DE448000C0142 /* kempston_joy.cpp */; };
		5CA7729A119DE44A000C0142 /* kempston_mouse.cpp in Sources */ = {isa = PBXBuildFile; fileRef = 5CA77212119DE448000C0142 /* kempston_mouse.cpp */; };
		5CA7729B119DE44A000C0142 /* keyboard.cpp in Sources */ = {isa = PBXBuildFile; fileRef = 5CA77214119DE448000C0142 /* keyboard.cpp */; };
		5CA7729C119DE44A000C0142 /* tape.cpp in Sources */ = {isa = PBXBuildFile; fileRef = 5CA77216119DE448000C0142 /* tape.cpp */; };
		5CA7729D119DE44A000C0142 /* memory.cpp in Sources */ = {isa = PBXBuildFile; fileRef = 5CA77218119DE448000C0142 /* memory.cpp */; };
		5CA7729E119DE44A000C0142 /* ay.cpp in Sources */ = {isa = PBXBuildFile; fileRef = 5CA7721B119DE448000C0142 /* ay.cpp */; };
		5CA7729F119DE44A000C0142 /* beeper.cpp in Sources */ = {isa = PBXBuildFile; fileRef = 5CA7721D119DE448000C0142 /* beeper.cpp */; };
		5CA772A0119DE44A000C0142 /* device_sound.cpp in Sources */ = {isa = PBXBuildFile; fileRef = 5CA7721F119DE448000C0142 /* device_sound.cpp */; };
		5CA772A1119DE44A000C0142 /* ula.cpp in Sources */ = {isa = PBXBuildFile; fileRef = 5CA77221119DE448000C0142 /* ula.cpp */; };
		5CA772A3119DE44A000C0142 /* dingoo.cpp in Sources */ = {isa = PBXBuildFile; fileRef = 5CA77227119DE448000C0142 /* dingoo.cpp */; };
		5CA772A4119DE44A000C0142 /* draw.cpp in Sources */ = {isa = PBXBuildFile; fileRef = 5CA7722B119DE448000C0142 /* draw.cpp */; };
		5CA772A5119DE44A000C0142 /* vsync.cpp in Sources */ = {isa = PBXBuildFile; fileRef = 5CA7722C119DE448000C0142 /* vsync.cpp */; };
		5CA772A6119DE44A000C0142 /* main_glut.cpp in Sources */ = {isa = PBXBuildFile; fileRef = 5CA7722E119DE448000C0142 /* main_glut.cpp */; };
		5CA772A7119DE44A000C0142 /* io.cpp in Sources */ = {isa = PBXBuildFile; fileRef = 5CA7722F119DE448000C0142 /* io.cpp */; };
		5CA772A8119DE44A000C0142 /* oal.cpp in Sources */ = {isa = PBXBuildFile; fileRef = 5CA77232119DE448000C0142 /* oal.cpp */; };
		5CA772A9119DE44A000C0142 /* platform.cpp in Sources */ = {isa = PBXBuildFile; fileRef = 5CA77233119DE448000C0142 /* platform.cpp */; };
		5CA772AA119DE44A000C0142 /* division.cpp in Sources */ = {isa = PBXBuildFile; fileRef = 5CA77236119DE448000C0142 /* division.cpp */; };
		5CA772AB119DE44A000C0142 /* symbian.cpp in Sources */ = {isa = PBXBuildFile; fileRef = 5CA77237119DE448000C0142 /* symbian.cpp */; };
		5CA772AC119DE44A000C0142 /* symbian_gles.cpp in Sources */ = {isa = PBXBuildFile; fileRef = 5CA77238119DE448000C0142 /* symbian_gles.cpp */; };
		5CA772AD119DE44A000C0142 /* win_mobile.cpp in Sources */ = {isa = PBXBuildFile; fileRef = 5CA7723B119DE448000C0142 /* win_mobile.cpp */; };
		5CA772AE119DE44A000C0142 /* main_wx.cpp in Sources */ = {isa = PBXBuildFile; fileRef = 5CA7723D119DE448000C0142 /* main_wx.cpp */; };
		5CA772AF119DE44A000C0142 /* snapshot.cpp in Sources */ = {isa = PBXBuildFile; fileRef = 5CA77248119DE449000C0142 /* snapshot.cpp */; };
		5CA772B0119DE44A000C0142 /* speccy.cpp in Sources */ = {isa = PBXBuildFile; fileRef = 5CA7724A119DE449000C0142 /* speccy.cpp */; };
		5CA772B1119DE44A000C0142 /* log.cpp in Sources */ = {isa = PBXBuildFile; fileRef = 5CA7724F119DE449000C0142 /* log.cpp */; };
		5CA772B2119DE44A000C0142 /* profiler.cpp in Sources */ = {isa = PBXBuildFile; fileRef = 5CA77251119DE449000C0142 /* profiler.cpp */; };
		5CA772B3119DE44A000C0142 /* controls.cpp in Sources */ = {isa = PBXBuildFile; fileRef = 5CA77259119DE449000C0142 /* controls.cpp */; };
		5CA772B4119DE44A000C0142 /* dialogs.cpp in Sources */ = {isa = PBXBuildFile; fileRef = 5CA7725B119DE449000C0142 /* dialogs.cpp */; };
		5CA772B5119DE44A000C0142 /* ui.cpp in Sources */ = {isa = PBXBuildFile; fileRef = 5CA7725D119DE449000C0142 /* ui.cpp */; };
		5CA772B6119DE44A000C0142 /* z80.cpp in Sources */ = {isa = PBXBuildFile; fileRef = 5CA77265119DE449000C0142 /* z80.cpp */; };
		5CA772B7119DE44A000C0142 /* z80_op_tables.cpp in Sources */ = {isa = PBXBuildFile; fileRef = 5CA7726E119DE449000C0142 /* z80_op_tables.cpp */; };
		5CA772B8119DE44A000C0142 /* z80_opcodes.cpp in Sources */ = {isa = PBXBuildFile; fileRef = 5CA77270119DE449000C0142 /* z80_opcodes.cpp */; };
		5CA77318119DE44A000C0142 /* device.cpp in Sources */ = {isa = PBXBuildFile; fileRef = 5CA77208119DE448000C0142 /* device.cpp */; };
		5CA77319119DE44A000C0142 /* fdd.cpp in Sources */ = {isa = PBXBuildFile; fileRef = 5CA7720B119DE448000C0142 /* fdd.cpp */; };
		5CA7731A119DE44A000C0142 /* wd1793.cpp in Sources */ = {isa = PBXBuildFile; fileRef = 5CA7720D119DE448000C0142 /* wd1793.cpp */; };
		5CA7731B119DE44A000C0142 /* kempston_joy.cpp in Sources */ = {isa = PBXBuildFile; fileRef = 5CA77210119DE448000C0142 /* kempston_joy.cpp */; };
		5CA7731C119DE44A000C0142 /* kempston_mouse.cpp in Sources */ = {isa = PBXBuildFile; fileRef = 5CA77212119DE448000C0142 /* kempston_mouse.cpp */; };
		5CA7731D119DE44A000C0142 /* keyboard.cpp in Sources */ = {isa = PBXBuildFile; fileRef = 5CA77214119DE448000C0142 /* keyboard.cpp */; };
		5CA7731E119DE44A000C0142 /* tape.cpp in Sources */ = {isa = PBXBuildFile; fileRef = 5CA77216119DE448000C0142 /* tape.cpp */; };
		5CA7731F119DE44A000C0142 /* memory.cpp in Sources */ = {isa = PBXBuildFile; fileRef = 5CA77218119DE448000C0142 /* memory.cpp */; };
		5CA77320119DE44A000C0142 /* ay.cpp in Sources */ = {isa = PBXBuildFile; fileRef = 5CA7721B119DE448000C0142 /* ay.cpp */; };
		5CA77321119DE44A000C0142 /* beeper.cpp in Sources */ = {isa = PBXBuildFile; fileRef = 5CA7721D119DE448000C0142 /* beeper.cpp */; };
		5CA77322119DE44A000C0142 /* device_sound.cpp in Sources */ = {isa = PBXBuildFile; fileRef = 5CA7721F119DE448000C0142 /* device_sound.cpp */; };
		5CA77323119DE44A000C0142 /* ula.cpp in Sources */ = {isa = PBXBuildFile; fileRef = 5CA77221119DE448000C0142 /* ula.cpp */; };
		5CA77326119DE44A000C0142 /* dingoo.cpp in Sources */ = {isa = PBXBuildFile; fileRef = 5CA77227119DE448000C0142 /* dingoo.cpp */; };
		5CA77327119DE44A000C0142 /* draw.cpp in Sources */ = {isa = PBXBuildFile; fileRef = 5CA7722B119DE448000C0142 /* draw.cpp */; };
		5CA77328119DE44A000C0142 /* vsync.cpp in Sources */ = {isa = PBXBuildFile; fileRef = 5CA7722C119DE448000C0142 /* vsync.cpp */; };
		5CA77329119DE44A000C0142 /* main_glut.cpp in Sources */ = {isa = PBXBuildFile; fileRef = 5CA7722E119DE448000C0142 /* main_glut.cpp */; };
		5CA7732A119DE44A000C0142 /* io.cpp in Sources */ = {isa = PBXBuildFile; fileRef = 5CA7722F119DE448000C0142 /* io.cpp */; };
		5CA7732B119DE44A000C0142 /* oal.cpp in Sources */ = {isa = PBXBuildFile; fileRef = 5CA77232119DE448000C0142 /* oal.cpp */; };
		5CA7732C119DE44A000C0142 /* platform.cpp in Sources */ = {isa = PBXBuildFile; fileRef = 5CA77233119DE448000C0142 /* platform.cpp */; };
		5CA7732D119DE44A000C0142 /* division.cpp in Sources */ = {isa = PBXBuildFile; fileRef = 5CA77236119DE448000C0142 /* division.cpp */; };
		5CA7732E119DE44A000C0142 /* symbian.cpp in Sources */ = {isa = PBXBuildFile; fileRef = 5CA77237119DE448000C0142 /* symbian.cpp */; };
		5CA7732F119DE44A000C0142 /* symbian_gles.cpp in Sources */ = {isa = PBXBuildFile; fileRef = 5CA77238119DE448000C0142 /* symbian_gles.cpp */; };
		5CA77330119DE44A000C0142 /* win_mobile.cpp in Sources */ = {isa = PBXBuildFile; fileRef = 5CA7723B119DE448000C0142 /* win_mobile.cpp */; };
		5CA77331119DE44A000C0142 /* main_wx.cpp in Sources */ = {isa = PBXBuildFile; fileRef = 5CA7723D119DE448000C0142 /* main_wx.cpp */; };
		5CA77339119DE44A000C0142 /* snapshot.cpp in Sources */ = {isa = PBXBuildFile; fileRef = 5CA77248119DE449000C0142 /* snapshot.cpp */; };
		5CA7733A119DE44A000C0142 /* speccy.cpp in Sources */ = {isa = PBXBuildFile; fileRef = 5CA7724A119DE449000C0142 /* speccy.cpp */; };
		5CA7733B119DE44A000C0142 /* log.cpp in Sources */ = {isa = PBXBuildFile; fileRef = 5CA7724F119DE449000C0142 /* log.cpp */; };
		5CA7733C119DE44A000C0142 /* profiler.cpp in Sources */ = {isa = PBXBuildFile; fileRef = 5CA77251119DE449000C0142 /* profiler.cpp */; };
		5CA7733D119DE44A000C0142 /* controls.cpp in Sources */ = {isa = PBXBuildFile; fileRef = 5CA77259119DE449000C0142 /* controls.cpp */; };
		5CA7733E119DE44A000C0142 /* dialogs.cpp in Sources */ = {isa = PBXBuildFile; fileRef = 5CA7725B119DE449000C0142 /* dialogs.cpp */; };
		5CA7733F119DE44A000C0142 /* ui.cpp in Sources */ = {isa = PBXBuildFile; fileRef = 5CA7725D119DE449000C0142 /* ui.cpp */; };
		5CA77342119DE44A000C0142 /* z80.cpp in Sources */ = {isa = PBXBuildFile; fileRef = 5CA77265119DE449000C0142 /* z80.cpp */; };
		5CA77343119DE44A000C0142 /* z80_op_tables.cpp in Sources */ = {isa = PBXBuildFile; fileRef = 5CA7726E119DE449000C0142 /* z80_op_tables.cpp */; };
		5CA77344119DE44A000C0142 /* z80_opcodes.cpp in Sources */ = {isa = PBXBuildFile; fileRef = 5CA77270119DE449000C0142 /* z80_opcodes.cpp */; };
		5CE01400119F3181004A61F8 /* mac.cpp in Sources */ = {isa = PBXBuildFile; fileRef = 5C050E71119EFC0D003EE1DB /* mac.cpp */; };
/* End PBXBuildFile section */

/* Begin PBXCopyFilesBuildPhase section */
		8DD76F690486A84900D96B5E /* CopyFiles */ = {
			isa = PBXCopyFilesBuildPhase;
			buildActionMask = 8;
			dstPath = /usr/share/man/man1/;
			dstSubfolderSpec = 0;
			files = (
			);
			runOnlyForDeploymentPostprocessing = 1;
		};
/* End PBXCopyFilesBuildPhase section */

/* Begin PBXFileReference section */
		5C050E71119EFC0D003EE1DB /* mac.cpp */ = {isa = PBXFileReference; fileEncoding = 4; lastKnownFileType = sourcecode.cpp.cpp; name = mac.cpp; path = mac/mac.cpp; sourceTree = "<group>"; };
		5C050F64119F2CDF003EE1DB /* unreal_speccy_portable-Info.plist */ = {isa = PBXFileReference; fileEncoding = 4; lastKnownFileType = text.plist.xml; name = "unreal_speccy_portable-Info.plist"; path = "build/mac/unreal_speccy_portable-Info.plist"; sourceTree = "<group>"; };
		5C1FB1D4119DE5A1003F1D22 /* main.cpp */ = {isa = PBXFileReference; fileEncoding = 4; lastKnownFileType = sourcecode.cpp.cpp; path = main.cpp; sourceTree = "<group>"; };
		5C7E10D7119EF4D800C8A7BC /* res */ = {isa = PBXFileReference; lastKnownFileType = folder; path = res; sourceTree = "<group>"; };
		5CA765F8119DD606000C0142 /* unreal_speccy_portable.app */ = {isa = PBXFileReference; explicitFileType = wrapper.application; includeInIndex = 0; path = unreal_speccy_portable.app; sourceTree = BUILT_PRODUCTS_DIR; };
		5CA77208119DE448000C0142 /* device.cpp */ = {isa = PBXFileReference; fileEncoding = 4; lastKnownFileType = sourcecode.cpp.cpp; path = device.cpp; sourceTree = "<group>"; };
		5CA77209119DE448000C0142 /* device.h */ = {isa = PBXFileReference; fileEncoding = 4; lastKnownFileType = sourcecode.c.h; path = device.h; sourceTree = "<group>"; };
		5CA7720B119DE448000C0142 /* fdd.cpp */ = {isa = PBXFileReference; fileEncoding = 4; lastKnownFileType = sourcecode.cpp.cpp; path = fdd.cpp; sourceTree = "<group>"; };
		5CA7720C119DE448000C0142 /* fdd.h */ = {isa = PBXFileReference; fileEncoding = 4; lastKnownFileType = sourcecode.c.h; path = fdd.h; sourceTree = "<group>"; };
		5CA7720D119DE448000C0142 /* wd1793.cpp */ = {isa = PBXFileReference; fileEncoding = 4; lastKnownFileType = sourcecode.cpp.cpp; path = wd1793.cpp; sourceTree = "<group>"; };
		5CA7720E119DE448000C0142 /* wd1793.h */ = {isa = PBXFileReference; fileEncoding = 4; lastKnownFileType = sourcecode.c.h; path = wd1793.h; sourceTree = "<group>"; };
		5CA77210119DE448000C0142 /* kempston_joy.cpp */ = {isa = PBXFileReference; fileEncoding = 4; lastKnownFileType = sourcecode.cpp.cpp; path = kempston_joy.cpp; sourceTree = "<group>"; };
		5CA77211119DE448000C0142 /* kempston_joy.h */ = {isa = PBXFileReference; fileEncoding = 4; lastKnownFileType = sourcecode.c.h; path = kempston_joy.h; sourceTree = "<group>"; };
		5CA77212119DE448000C0142 /* kempston_mouse.cpp */ = {isa = PBXFileReference; fileEncoding = 4; lastKnownFileType = sourcecode.cpp.cpp; path = kempston_mouse.cpp; sourceTree = "<group>"; };
		5CA77213119DE448000C0142 /* kempston_mouse.h */ = {isa = PBXFileReference; fileEncoding = 4; lastKnownFileType = sourcecode.c.h; path = kempston_mouse.h; sourceTree = "<group>"; };
		5CA77214119DE448000C0142 /* keyboard.cpp */ = {isa = PBXFileReference; fileEncoding = 4; lastKnownFileType = sourcecode.cpp.cpp; path = keyboard.cpp; sourceTree = "<group>"; };
		5CA77215119DE448000C0142 /* keyboard.h */ = {isa = PBXFileReference; fileEncoding = 4; lastKnownFileType = sourcecode.c.h; path = keyboard.h; sourceTree = "<group>"; };
		5CA77216119DE448000C0142 /* tape.cpp */ = {isa = PBXFileReference; fileEncoding = 4; lastKnownFileType = sourcecode.cpp.cpp; path = tape.cpp; sourceTree = "<group>"; };
		5CA77217119DE448000C0142 /* tape.h */ = {isa = PBXFileReference; fileEncoding = 4; lastKnownFileType = sourcecode.c.h; path = tape.h; sourceTree = "<group>"; };
		5CA77218119DE448000C0142 /* memory.cpp */ = {isa = PBXFileReference; fileEncoding = 4; lastKnownFileType = sourcecode.cpp.cpp; path = memory.cpp; sourceTree = "<group>"; };
		5CA77219119DE448000C0142 /* memory.h */ = {isa = PBXFileReference; fileEncoding = 4; lastKnownFileType = sourcecode.c.h; path = memory.h; sourceTree = "<group>"; };
		5CA7721B119DE448000C0142 /* ay.cpp */ = {isa = PBXFileReference; fileEncoding = 4; lastKnownFileType = sourcecode.cpp.cpp; path = ay.cpp; sourceTree = "<group>"; };
		5CA7721C119DE448000C0142 /* ay.h */ = {isa = PBXFileReference; fileEncoding = 4; lastKnownFileType = sourcecode.c.h; path = ay.h; sourceTree = "<group>"; };
		5CA7721D119DE448000C0142 /* beeper.cpp */ = {isa = PBXFileReference; fileEncoding = 4; lastKnownFileType = sourcecode.cpp.cpp; path = beeper.cpp; sourceTree = "<group>"; };
		5CA7721E119DE448000C0142 /* beeper.h */ = {isa = PBXFileReference; fileEncoding = 4; lastKnownFileType = sourcecode.c.h; path = beeper.h; sourceTree = "<group>"; };
		5CA7721F119DE448000C0142 /* device_sound.cpp */ = {isa = PBXFileReference; fileEncoding = 4; lastKnownFileType = sourcecode.cpp.cpp; path = device_sound.cpp; sourceTree = "<group>"; };
		5CA77220119DE448000C0142 /* device_sound.h */ = {isa = PBXFileReference; fileEncoding = 4; lastKnownFileType = sourcecode.c.h; path = device_sound.h; sourceTree = "<group>"; };
		5CA77221119DE448000C0142 /* ula.cpp */ = {isa = PBXFileReference; fileEncoding = 4; lastKnownFileType = sourcecode.cpp.cpp; path = ula.cpp; sourceTree = "<group>"; };
		5CA77222119DE448000C0142 /* ula.h */ = {isa = PBXFileReference; fileEncoding = 4; lastKnownFileType = sourcecode.c.h; path = ula.h; sourceTree = "<group>"; };
		5CA77227119DE448000C0142 /* dingoo.cpp */ = {isa = PBXFileReference; fileEncoding = 4; lastKnownFileType = sourcecode.cpp.cpp; path = dingoo.cpp; sourceTree = "<group>"; };
		5CA77228119DE448000C0142 /* jz4740.h */ = {isa = PBXFileReference; fileEncoding = 4; lastKnownFileType = sourcecode.c.h; path = jz4740.h; sourceTree = "<group>"; };
		5CA77229119DE448000C0142 /* stdio.h */ = {isa = PBXFileReference; fileEncoding = 4; lastKnownFileType = sourcecode.c.h; path = stdio.h; sourceTree = "<group>"; };
		5CA7722B119DE448000C0142 /* draw.cpp */ = {isa = PBXFileReference; fileEncoding = 4; lastKnownFileType = sourcecode.cpp.cpp; path = draw.cpp; sourceTree = "<group>"; };
		5CA7722C119DE448000C0142 /* vsync.cpp */ = {isa = PBXFileReference; fileEncoding = 4; lastKnownFileType = sourcecode.cpp.cpp; path = vsync.cpp; sourceTree = "<group>"; };
		5CA7722E119DE448000C0142 /* main_glut.cpp */ = {isa = PBXFileReference; fileEncoding = 4; lastKnownFileType = sourcecode.cpp.cpp; path = main_glut.cpp; sourceTree = "<group>"; };
		5CA7722F119DE448000C0142 /* io.cpp */ = {isa = PBXFileReference; fileEncoding = 4; lastKnownFileType = sourcecode.cpp.cpp; path = io.cpp; sourceTree = "<group>"; };
		5CA77230119DE448000C0142 /* io.h */ = {isa = PBXFileReference; fileEncoding = 4; lastKnownFileType = sourcecode.c.h; path = io.h; sourceTree = "<group>"; };
		5CA77232119DE448000C0142 /* oal.cpp */ = {isa = PBXFileReference; fileEncoding = 4; lastKnownFileType = sourcecode.cpp.cpp; path = oal.cpp; sourceTree = "<group>"; };
		5CA77233119DE448000C0142 /* platform.cpp */ = {isa = PBXFileReference; fileEncoding = 4; lastKnownFileType = sourcecode.cpp.cpp; path = platform.cpp; sourceTree = "<group>"; };
		5CA77234119DE448000C0142 /* platform.h */ = {isa = PBXFileReference; fileEncoding = 4; lastKnownFileType = sourcecode.c.h; path = platform.h; sourceTree = "<group>"; };
		5CA77236119DE448000C0142 /* division.cpp */ = {isa = PBXFileReference; fileEncoding = 4; lastKnownFileType = sourcecode.cpp.cpp; path = division.cpp; sourceTree = "<group>"; };
		5CA77237119DE448000C0142 /* symbian.cpp */ = {isa = PBXFileReference; fileEncoding = 4; lastKnownFileType = sourcecode.cpp.cpp; path = symbian.cpp; sourceTree = "<group>"; };
		5CA77238119DE448000C0142 /* symbian_gles.cpp */ = {isa = PBXFileReference; fileEncoding = 4; lastKnownFileType = sourcecode.cpp.cpp; path = symbian_gles.cpp; sourceTree = "<group>"; };
		5CA77239119DE448000C0142 /* tick.h */ = {isa = PBXFileReference; fileEncoding = 4; lastKnownFileType = sourcecode.c.h; path = tick.h; sourceTree = "<group>"; };
		5CA7723B119DE448000C0142 /* win_mobile.cpp */ = {isa = PBXFileReference; fileEncoding = 4; lastKnownFileType = sourcecode.cpp.cpp; path = win_mobile.cpp; sourceTree = "<group>"; };
		5CA7723D119DE448000C0142 /* main_wx.cpp */ = {isa = PBXFileReference; fileEncoding = 4; lastKnownFileType = sourcecode.cpp.cpp; path = main_wx.cpp; sourceTree = "<group>"; };
		5CA77248119DE449000C0142 /* snapshot.cpp */ = {isa = PBXFileReference; fileEncoding = 4; lastKnownFileType = sourcecode.cpp.cpp; path = snapshot.cpp; sourceTree = "<group>"; };
		5CA77249119DE449000C0142 /* snapshot.h */ = {isa = PBXFileReference; fileEncoding = 4; lastKnownFileType = sourcecode.c.h; path = snapshot.h; sourceTree = "<group>"; };
		5CA7724A119DE449000C0142 /* speccy.cpp */ = {isa = PBXFileReference; fileEncoding = 4; lastKnownFileType = sourcecode.cpp.cpp; path = speccy.cpp; sourceTree = "<group>"; };
		5CA7724B119DE449000C0142 /* speccy.h */ = {isa = PBXFileReference; fileEncoding = 4; lastKnownFileType = sourcecode.c.h; path = speccy.h; sourceTree = "<group>"; };
		5CA7724C119DE449000C0142 /* std.h */ = {isa = PBXFileReference; fileEncoding = 4; lastKnownFileType = sourcecode.c.h; path = std.h; sourceTree = "<group>"; };
		5CA7724D119DE449000C0142 /* std_types.h */ = {isa = PBXFileReference; fileEncoding = 4; lastKnownFileType = sourcecode.c.h; path = std_types.h; sourceTree = "<group>"; };
		5CA7724F119DE449000C0142 /* log.cpp */ = {isa = PBXFileReference; fileEncoding = 4; lastKnownFileType = sourcecode.cpp.cpp; path = log.cpp; sourceTree = "<group>"; };
		5CA77250119DE449000C0142 /* log.h */ = {isa = PBXFileReference; fileEncoding = 4; lastKnownFileType = sourcecode.c.h; path = log.h; sourceTree = "<group>"; };
		5CA77251119DE449000C0142 /* profiler.cpp */ = {isa = PBXFileReference; fileEncoding = 4; lastKnownFileType = sourcecode.cpp.cpp; path = profiler.cpp; sourceTree = "<group>"; };
		5CA77252119DE449000C0142 /* profiler.h */ = {isa = PBXFileReference; fileEncoding = 4; lastKnownFileType = sourcecode.c.h; path = profiler.h; sourceTree = "<group>"; };
		5CA77253119DE449000C0142 /* tick.h */ = {isa = PBXFileReference; fileEncoding = 4; lastKnownFileType = sourcecode.c.h; path = tick.h; sourceTree = "<group>"; };
		5CA77254119DE449000C0142 /* tick_clock.h */ = {isa = PBXFileReference; fileEncoding = 4; lastKnownFileType = sourcecode.c.h; path = tick_clock.h; sourceTree = "<group>"; };
		5CA77255119DE449000C0142 /* tick_gtod.h */ = {isa = PBXFileReference; fileEncoding = 4; lastKnownFileType = sourcecode.c.h; path = tick_gtod.h; sourceTree = "<group>"; };
		5CA77256119DE449000C0142 /* tick_qpc.h */ = {isa = PBXFileReference; fileEncoding = 4; lastKnownFileType = sourcecode.c.h; path = tick_qpc.h; sourceTree = "<group>"; };
		5CA77257119DE449000C0142 /* time.h */ = {isa = PBXFileReference; fileEncoding = 4; lastKnownFileType = sourcecode.c.h; path = time.h; sourceTree = "<group>"; };
		5CA77259119DE449000C0142 /* controls.cpp */ = {isa = PBXFileReference; fileEncoding = 4; lastKnownFileType = sourcecode.cpp.cpp; path = controls.cpp; sourceTree = "<group>"; };
		5CA7725A119DE449000C0142 /* controls.h */ = {isa = PBXFileReference; fileEncoding = 4; lastKnownFileType = sourcecode.c.h; path = controls.h; sourceTree = "<group>"; };
		5CA7725B119DE449000C0142 /* dialogs.cpp */ = {isa = PBXFileReference; fileEncoding = 4; lastKnownFileType = sourcecode.cpp.cpp; path = dialogs.cpp; sourceTree = "<group>"; };
		5CA7725C119DE449000C0142 /* dialogs.h */ = {isa = PBXFileReference; fileEncoding = 4; lastKnownFileType = sourcecode.c.h; path = dialogs.h; sourceTree = "<group>"; };
		5CA7725D119DE449000C0142 /* ui.cpp */ = {isa = PBXFileReference; fileEncoding = 4; lastKnownFileType = sourcecode.cpp.cpp; path = ui.cpp; sourceTree = "<group>"; };
		5CA7725E119DE449000C0142 /* ui.h */ = {isa = PBXFileReference; fileEncoding = 4; lastKnownFileType = sourcecode.c.h; path = ui.h; sourceTree = "<group>"; };
		5CA77265119DE449000C0142 /* z80.cpp */ = {isa = PBXFileReference; fileEncoding = 4; lastKnownFileType = sourcecode.cpp.cpp; path = z80.cpp; sourceTree = "<group>"; };
		5CA77266119DE449000C0142 /* z80.h */ = {isa = PBXFileReference; fileEncoding = 4; lastKnownFileType = sourcecode.c.h; path = z80.h; sourceTree = "<group>"; };
		5CA77267119DE449000C0142 /* z80_op.h */ = {isa = PBXFileReference; fileEncoding = 4; lastKnownFileType = sourcecode.c.h; path = z80_op.h; sourceTree = "<group>"; };
		5CA77268119DE449000C0142 /* z80_op_cb.h */ = {isa = PBXFileReference; fileEncoding = 4; lastKnownFileType = sourcecode.c.h; path = z80_op_cb.h; sourceTree = "<group>"; };
		5CA77269119DE449000C0142 /* z80_op_dd.h */ = {isa = PBXFileReference; fileEncoding = 4; lastKnownFileType = sourcecode.c.h; path = z80_op_dd.h; sourceTree = "<group>"; };
		5CA7726A119DE449000C0142 /* z80_op_ddcb.h */ = {isa = PBXFileReference; fileEncoding = 4; lastKnownFileType = sourcecode.c.h; path = z80_op_ddcb.h; sourceTree = "<group>"; };
		5CA7726B119DE449000C0142 /* z80_op_ed.h */ = {isa = PBXFileReference; fileEncoding = 4; lastKnownFileType = sourcecode.c.h; path = z80_op_ed.h; sourceTree = "<group>"; };
		5CA7726C119DE449000C0142 /* z80_op_fd.h */ = {isa = PBXFileReference; fileEncoding = 4; lastKnownFileType = sourcecode.c.h; path = z80_op_fd.h; sourceTree = "<group>"; };
		5CA7726D119DE449000C0142 /* z80_op_noprefix.h */ = {isa = PBXFileReference; fileEncoding = 4; lastKnownFileType = sourcecode.c.h; path = z80_op_noprefix.h; sourceTree = "<group>"; };
		5CA7726E119DE449000C0142 /* z80_op_tables.cpp */ = {isa = PBXFileReference; fileEncoding = 4; lastKnownFileType = sourcecode.cpp.cpp; path = z80_op_tables.cpp; sourceTree = "<group>"; };
		5CA7726F119DE449000C0142 /* z80_op_tables.h */ = {isa = PBXFileReference; fileEncoding = 4; lastKnownFileType = sourcecode.c.h; path = z80_op_tables.h; sourceTree = "<group>"; };
		5CA77270119DE449000C0142 /* z80_opcodes.cpp */ = {isa = PBXFileReference; fileEncoding = 4; lastKnownFileType = sourcecode.cpp.cpp; path = z80_opcodes.cpp; sourceTree = "<group>"; };
		8DD76F6C0486A84900D96B5E /* usp */ = {isa = PBXFileReference; explicitFileType = "compiled.mach-o.executable"; includeInIndex = 0; path = usp; sourceTree = BUILT_PRODUCTS_DIR; };
/* End PBXFileReference section */

/* Begin PBXFrameworksBuildPhase section */
		5CA765F6119DD606000C0142 /* Frameworks */ = {
			isa = PBXFrameworksBuildPhase;
			buildActionMask = 2147483647;
			files = (
			);
			runOnlyForDeploymentPostprocessing = 0;
		};
		8DD76F660486A84900D96B5E /* Frameworks */ = {
			isa = PBXFrameworksBuildPhase;
			buildActionMask = 2147483647;
			files = (
			);
			runOnlyForDeploymentPostprocessing = 0;
		};
/* End PBXFrameworksBuildPhase section */

/* Begin PBXGroup section */
		08FB7794FE84155DC02AAC07 /* usp */ = {
			isa = PBXGroup;
			children = (
				5C7E10D7119EF4D800C8A7BC /* res */,
				5CA7718A119DE435000C0142 /* Source */,
				1AB674ADFE9D54B511CA2CBB /* Products */,
				5C050F64119F2CDF003EE1DB /* unreal_speccy_portable-Info.plist */,
			);
			name = usp;
			sourceTree = "<group>";
		};
		1AB674ADFE9D54B511CA2CBB /* Products */ = {
			isa = PBXGroup;
			children = (
				8DD76F6C0486A84900D96B5E /* usp */,
				5CA765F8119DD606000C0142 /* unreal_speccy_portable.app */,
			);
			name = Products;
			sourceTree = "<group>";
		};
		5C050E70119EFBE0003EE1DB /* mac */ = {
			isa = PBXGroup;
			children = (
				5C050E71119EFC0D003EE1DB /* mac.cpp */,
			);
			name = mac;
			sourceTree = "<group>";
		};
		5CA7718A119DE435000C0142 /* Source */ = {
			isa = PBXGroup;
			children = (
				5CA77207119DE448000C0142 /* devices */,
				5CA77225119DE448000C0142 /* platform */,
				5CA7724E119DE449000C0142 /* tools */,
				5CA77258119DE449000C0142 /* ui */,
				5CA77264119DE449000C0142 /* z80 */,
				5C1FB1D4119DE5A1003F1D22 /* main.cpp */,
				5CA77248119DE449000C0142 /* snapshot.cpp */,
				5CA77249119DE449000C0142 /* snapshot.h */,
				5CA7724A119DE449000C0142 /* speccy.cpp */,
				5CA7724B119DE449000C0142 /* speccy.h */,
				5CA7724C119DE449000C0142 /* std.h */,
				5CA7724D119DE449000C0142 /* std_types.h */,
			);
			name = Source;
			sourceTree = "<group>";
		};
		5CA77207119DE448000C0142 /* devices */ = {
			isa = PBXGroup;
			children = (
				5CA77208119DE448000C0142 /* device.cpp */,
				5CA77209119DE448000C0142 /* device.h */,
				5CA7720A119DE448000C0142 /* fdd */,
				5CA7720F119DE448000C0142 /* input */,
				5CA77218119DE448000C0142 /* memory.cpp */,
				5CA77219119DE448000C0142 /* memory.h */,
				5CA7721A119DE448000C0142 /* sound */,
				5CA77221119DE448000C0142 /* ula.cpp */,
				5CA77222119DE448000C0142 /* ula.h */,
			);
			path = devices;
			sourceTree = "<group>";
		};
		5CA7720A119DE448000C0142 /* fdd */ = {
			isa = PBXGroup;
			children = (
				5CA7720B119DE448000C0142 /* fdd.cpp */,
				5CA7720C119DE448000C0142 /* fdd.h */,
				5CA7720D119DE448000C0142 /* wd1793.cpp */,
				5CA7720E119DE448000C0142 /* wd1793.h */,
			);
			path = fdd;
			sourceTree = "<group>";
		};
		5CA7720F119DE448000C0142 /* input */ = {
			isa = PBXGroup;
			children = (
				5CA77210119DE448000C0142 /* kempston_joy.cpp */,
				5CA77211119DE448000C0142 /* kempston_joy.h */,
				5CA77212119DE448000C0142 /* kempston_mouse.cpp */,
				5CA77213119DE448000C0142 /* kempston_mouse.h */,
				5CA77214119DE448000C0142 /* keyboard.cpp */,
				5CA77215119DE448000C0142 /* keyboard.h */,
				5CA77216119DE448000C0142 /* tape.cpp */,
				5CA77217119DE448000C0142 /* tape.h */,
			);
			path = input;
			sourceTree = "<group>";
		};
		5CA7721A119DE448000C0142 /* sound */ = {
			isa = PBXGroup;
			children = (
				5CA7721B119DE448000C0142 /* ay.cpp */,
				5CA7721C119DE448000C0142 /* ay.h */,
				5CA7721D119DE448000C0142 /* beeper.cpp */,
				5CA7721E119DE448000C0142 /* beeper.h */,
				5CA7721F119DE448000C0142 /* device_sound.cpp */,
				5CA77220119DE448000C0142 /* device_sound.h */,
			);
			path = sound;
			sourceTree = "<group>";
		};
		5CA77225119DE448000C0142 /* platform */ = {
			isa = PBXGroup;
			children = (
				5C050E70119EFBE0003EE1DB /* mac */,
				5CA77226119DE448000C0142 /* dingoo */,
				5CA7722A119DE448000C0142 /* gl */,
				5CA7722D119DE448000C0142 /* glut */,
				5CA7722F119DE448000C0142 /* io.cpp */,
				5CA77230119DE448000C0142 /* io.h */,
				5CA77231119DE448000C0142 /* oal */,
				5CA77233119DE448000C0142 /* platform.cpp */,
				5CA77234119DE448000C0142 /* platform.h */,
				5CA77235119DE448000C0142 /* symbian */,
				5CA7723A119DE448000C0142 /* win_mobile */,
				5CA7723C119DE448000C0142 /* wxwidgets */,
			);
			path = platform;
			sourceTree = "<group>";
		};
		5CA77226119DE448000C0142 /* dingoo */ = {
			isa = PBXGroup;
			children = (
				5CA77227119DE448000C0142 /* dingoo.cpp */,
				5CA77228119DE448000C0142 /* jz4740.h */,
				5CA77229119DE448000C0142 /* stdio.h */,
			);
			path = dingoo;
			sourceTree = "<group>";
		};
		5CA7722A119DE448000C0142 /* gl */ = {
			isa = PBXGroup;
			children = (
				5CA7722B119DE448000C0142 /* draw.cpp */,
				5CA7722C119DE448000C0142 /* vsync.cpp */,
			);
			path = gl;
			sourceTree = "<group>";
		};
		5CA7722D119DE448000C0142 /* glut */ = {
			isa = PBXGroup;
			children = (
				5CA7722E119DE448000C0142 /* main_glut.cpp */,
			);
			path = glut;
			sourceTree = "<group>";
		};
		5CA77231119DE448000C0142 /* oal */ = {
			isa = PBXGroup;
			children = (
				5CA77232119DE448000C0142 /* oal.cpp */,
			);
			path = oal;
			sourceTree = "<group>";
		};
		5CA77235119DE448000C0142 /* symbian */ = {
			isa = PBXGroup;
			children = (
				5CA77236119DE448000C0142 /* division.cpp */,
				5CA77237119DE448000C0142 /* symbian.cpp */,
				5CA77238119DE448000C0142 /* symbian_gles.cpp */,
				5CA77239119DE448000C0142 /* tick.h */,
			);
			path = symbian;
			sourceTree = "<group>";
		};
		5CA7723A119DE448000C0142 /* win_mobile */ = {
			isa = PBXGroup;
			children = (
				5CA7723B119DE448000C0142 /* win_mobile.cpp */,
			);
			path = win_mobile;
			sourceTree = "<group>";
		};
		5CA7723C119DE448000C0142 /* wxwidgets */ = {
			isa = PBXGroup;
			children = (
				5CA7723D119DE448000C0142 /* main_wx.cpp */,
			);
			path = wxwidgets;
			sourceTree = "<group>";
		};
		5CA7724E119DE449000C0142 /* tools */ = {
			isa = PBXGroup;
			children = (
				5CA7724F119DE449000C0142 /* log.cpp */,
				5CA77250119DE449000C0142 /* log.h */,
				5CA77251119DE449000C0142 /* profiler.cpp */,
				5CA77252119DE449000C0142 /* profiler.h */,
				5CA77253119DE449000C0142 /* tick.h */,
				5CA77254119DE449000C0142 /* tick_clock.h */,
				5CA77255119DE449000C0142 /* tick_gtod.h */,
				5CA77256119DE449000C0142 /* tick_qpc.h */,
				5CA77257119DE449000C0142 /* time.h */,
			);
			path = tools;
			sourceTree = "<group>";
		};
		5CA77258119DE449000C0142 /* ui */ = {
			isa = PBXGroup;
			children = (
				5CA77259119DE449000C0142 /* controls.cpp */,
				5CA7725A119DE449000C0142 /* controls.h */,
				5CA7725B119DE449000C0142 /* dialogs.cpp */,
				5CA7725C119DE449000C0142 /* dialogs.h */,
				5CA7725D119DE449000C0142 /* ui.cpp */,
				5CA7725E119DE449000C0142 /* ui.h */,
			);
			path = ui;
			sourceTree = "<group>";
		};
		5CA77264119DE449000C0142 /* z80 */ = {
			isa = PBXGroup;
			children = (
				5CA77265119DE449000C0142 /* z80.cpp */,
				5CA77266119DE449000C0142 /* z80.h */,
				5CA77267119DE449000C0142 /* z80_op.h */,
				5CA77268119DE449000C0142 /* z80_op_cb.h */,
				5CA77269119DE449000C0142 /* z80_op_dd.h */,
				5CA7726A119DE449000C0142 /* z80_op_ddcb.h */,
				5CA7726B119DE449000C0142 /* z80_op_ed.h */,
				5CA7726C119DE449000C0142 /* z80_op_fd.h */,
				5CA7726D119DE449000C0142 /* z80_op_noprefix.h */,
				5CA7726E119DE449000C0142 /* z80_op_tables.cpp */,
				5CA7726F119DE449000C0142 /* z80_op_tables.h */,
				5CA77270119DE449000C0142 /* z80_opcodes.cpp */,
			);
			path = z80;
			sourceTree = "<group>";
		};
/* End PBXGroup section */

/* Begin PBXNativeTarget section */
		5CA765F7119DD606000C0142 /* unreal_speccy_portable */ = {
			isa = PBXNativeTarget;
			buildConfigurationList = 5CA765FD119DD608000C0142 /* Build configuration list for PBXNativeTarget "unreal_speccy_portable" */;
			buildPhases = (
				5CA765F4119DD606000C0142 /* Resources */,
				5CA765F5119DD606000C0142 /* Sources */,
				5CA765F6119DD606000C0142 /* Frameworks */,
			);
			buildRules = (
			);
			dependencies = (
			);
			name = unreal_speccy_portable;
			productName = unreal_speccy_portable;
			productReference = 5CA765F8119DD606000C0142 /* unreal_speccy_portable.app */;
			productType = "com.apple.product-type.application";
		};
		8DD76F620486A84900D96B5E /* usp */ = {
			isa = PBXNativeTarget;
			buildConfigurationList = 1DEB923108733DC60010E9CD /* Build configuration list for PBXNativeTarget "usp" */;
			buildPhases = (
				8DD76F640486A84900D96B5E /* Sources */,
				8DD76F660486A84900D96B5E /* Frameworks */,
				8DD76F690486A84900D96B5E /* CopyFiles */,
			);
			buildRules = (
			);
			dependencies = (
			);
			name = usp;
			productInstallPath = "$(HOME)/bin";
			productName = usp;
			productReference = 8DD76F6C0486A84900D96B5E /* usp */;
			productType = "com.apple.product-type.tool";
		};
/* End PBXNativeTarget section */

/* Begin PBXProject section */
		08FB7793FE84155DC02AAC07 /* Project object */ = {
			isa = PBXProject;
			buildConfigurationList = 1DEB923508733DC60010E9CD /* Build configuration list for PBXProject "usp" */;
			compatibilityVersion = "Xcode 2.4";
			hasScannedForEncodings = 1;
			mainGroup = 08FB7794FE84155DC02AAC07 /* usp */;
			projectDirPath = "";
			projectRoot = "";
			targets = (
				8DD76F620486A84900D96B5E /* usp */,
				5CA765F7119DD606000C0142 /* unreal_speccy_portable */,
			);
		};
/* End PBXProject section */

/* Begin PBXResourcesBuildPhase section */
		5CA765F4119DD606000C0142 /* Resources */ = {
			isa = PBXResourcesBuildPhase;
			buildActionMask = 2147483647;
			files = (
				5C7E10E3119EF4D800C8A7BC /* res in Resources */,
			);
			runOnlyForDeploymentPostprocessing = 0;
		};
/* End PBXResourcesBuildPhase section */

/* Begin PBXSourcesBuildPhase section */
		5CA765F5119DD606000C0142 /* Sources */ = {
			isa = PBXSourcesBuildPhase;
			buildActionMask = 2147483647;
			files = (
				5CA77318119DE44A000C0142 /* device.cpp in Sources */,
				5CA77319119DE44A000C0142 /* fdd.cpp in Sources */,
				5CA7731A119DE44A000C0142 /* wd1793.cpp in Sources */,
				5CA7731B119DE44A000C0142 /* kempston_joy.cpp in Sources */,
				5CA7731C119DE44A000C0142 /* kempston_mouse.cpp in Sources */,
				5CA7731D119DE44A000C0142 /* keyboard.cpp in Sources */,
				5CA7731E119DE44A000C0142 /* tape.cpp in Sources */,
				5CA7731F119DE44A000C0142 /* memory.cpp in Sources */,
				5CA77320119DE44A000C0142 /* ay.cpp in Sources */,
				5CA77321119DE44A000C0142 /* beeper.cpp in Sources */,
				5CA77322119DE44A000C0142 /* device_sound.cpp in Sources */,
				5CA77323119DE44A000C0142 /* ula.cpp in Sources */,
				5CA77326119DE44A000C0142 /* dingoo.cpp in Sources */,
				5CA77327119DE44A000C0142 /* draw.cpp in Sources */,
				5CA77328119DE44A000C0142 /* vsync.cpp in Sources */,
				5CA77329119DE44A000C0142 /* main_glut.cpp in Sources */,
				5CA7732A119DE44A000C0142 /* io.cpp in Sources */,
				5CA7732B119DE44A000C0142 /* oal.cpp in Sources */,
				5CA7732C119DE44A000C0142 /* platform.cpp in Sources */,
				5CA7732D119DE44A000C0142 /* division.cpp in Sources */,
				5CA7732E119DE44A000C0142 /* symbian.cpp in Sources */,
				5CA7732F119DE44A000C0142 /* symbian_gles.cpp in Sources */,
				5CA77330119DE44A000C0142 /* win_mobile.cpp in Sources */,
				5CA77331119DE44A000C0142 /* main_wx.cpp in Sources */,
				5CA77339119DE44A000C0142 /* snapshot.cpp in Sources */,
				5CA7733A119DE44A000C0142 /* speccy.cpp in Sources */,
				5CA7733B119DE44A000C0142 /* log.cpp in Sources */,
				5CA7733C119DE44A000C0142 /* profiler.cpp in Sources */,
				5CA7733D119DE44A000C0142 /* controls.cpp in Sources */,
				5CA7733E119DE44A000C0142 /* dialogs.cpp in Sources */,
				5CA7733F119DE44A000C0142 /* ui.cpp in Sources */,
				5CA77342119DE44A000C0142 /* z80.cpp in Sources */,
				5CA77343119DE44A000C0142 /* z80_op_tables.cpp in Sources */,
				5CA77344119DE44A000C0142 /* z80_opcodes.cpp in Sources */,
				5C1FB1D6119DE5A1003F1D22 /* main.cpp in Sources */,
				5CE01400119F3181004A61F8 /* mac.cpp in Sources */,
			);
			runOnlyForDeploymentPostprocessing = 0;
		};
		8DD76F640486A84900D96B5E /* Sources */ = {
			isa = PBXSourcesBuildPhase;
			buildActionMask = 2147483647;
			files = (
				5CA77296119DE44A000C0142 /* device.cpp in Sources */,
				5CA77297119DE44A000C0142 /* fdd.cpp in Sources */,
				5CA77298119DE44A000C0142 /* wd1793.cpp in Sources */,
				5CA77299119DE44A000C0142 /* kempston_joy.cpp in Sources */,
				5CA7729A119DE44A000C0142 /* kempston_mouse.cpp in Sources */,
				5CA7729B119DE44A000C0142 /* keyboard.cpp in Sources */,
				5CA7729C119DE44A000C0142 /* tape.cpp in Sources */,
				5CA7729D119DE44A000C0142 /* memory.cpp in Sources */,
				5CA7729E119DE44A000C0142 /* ay.cpp in Sources */,
				5CA7729F119DE44A000C0142 /* beeper.cpp in Sources */,
				5CA772A0119DE44A000C0142 /* device_sound.cpp in Sources */,
				5CA772A1119DE44A000C0142 /* ula.cpp in Sources */,
				5CA772A3119DE44A000C0142 /* dingoo.cpp in Sources */,
				5CA772A4119DE44A000C0142 /* draw.cpp in Sources */,
				5CA772A5119DE44A000C0142 /* vsync.cpp in Sources */,
				5CA772A6119DE44A000C0142 /* main_glut.cpp in Sources */,
				5CA772A7119DE44A000C0142 /* io.cpp in Sources */,
				5CA772A8119DE44A000C0142 /* oal.cpp in Sources */,
				5CA772A9119DE44A000C0142 /* platform.cpp in Sources */,
				5CA772AA119DE44A000C0142 /* division.cpp in Sources */,
				5CA772AB119DE44A000C0142 /* symbian.cpp in Sources */,
				5CA772AC119DE44A000C0142 /* symbian_gles.cpp in Sources */,
				5CA772AD119DE44A000C0142 /* win_mobile.cpp in Sources */,
				5CA772AE119DE44A000C0142 /* main_wx.cpp in Sources */,
				5CA772AF119DE44A000C0142 /* snapshot.cpp in Sources */,
				5CA772B0119DE44A000C0142 /* speccy.cpp in Sources */,
				5CA772B1119DE44A000C0142 /* log.cpp in Sources */,
				5CA772B2119DE44A000C0142 /* profiler.cpp in Sources */,
				5CA772B3119DE44A000C0142 /* controls.cpp in Sources */,
				5CA772B4119DE44A000C0142 /* dialogs.cpp in Sources */,
				5CA772B5119DE44A000C0142 /* ui.cpp in Sources */,
				5CA772B6119DE44A000C0142 /* z80.cpp in Sources */,
				5CA772B7119DE44A000C0142 /* z80_op_tables.cpp in Sources */,
				5CA772B8119DE44A000C0142 /* z80_opcodes.cpp in Sources */,
				5C1FB1D5119DE5A1003F1D22 /* main.cpp in Sources */,
				5C050E73119EFC0D003EE1DB /* mac.cpp in Sources */,
			);
			runOnlyForDeploymentPostprocessing = 0;
		};
/* End PBXSourcesBuildPhase section */

/* Begin XCBuildConfiguration section */
		1DEB923208733DC60010E9CD /* Debug */ = {
			isa = XCBuildConfiguration;
			buildSettings = {
				ALWAYS_SEARCH_USER_PATHS = NO;
				COPY_PHASE_STRIP = NO;
				GCC_DYNAMIC_NO_PIC = NO;
				GCC_ENABLE_FIX_AND_CONTINUE = YES;
				GCC_INLINES_ARE_PRIVATE_EXTERN = NO;
				GCC_MODEL_TUNING = G5;
				GCC_OPTIMIZATION_LEVEL = 0;
				GCC_SYMBOLS_PRIVATE_EXTERN = NO;
				INSTALL_PATH = /usr/local/bin;
				PRODUCT_NAME = usp;
			};
			name = Debug;
		};
		1DEB923308733DC60010E9CD /* Release */ = {
			isa = XCBuildConfiguration;
			buildSettings = {
				ALWAYS_SEARCH_USER_PATHS = NO;
				DEBUG_INFORMATION_FORMAT = "dwarf-with-dsym";
				GCC_MODEL_TUNING = G5;
				INSTALL_PATH = /usr/local/bin;
				PRODUCT_NAME = usp;
			};
			name = Release;
		};
		1DEB923608733DC60010E9CD /* Debug */ = {
			isa = XCBuildConfiguration;
			buildSettings = {
				ARCHS = "$(ONLY_ACTIVE_ARCH_PRE_XCODE_3_1)";
				GCC_C_LANGUAGE_STANDARD = gnu99;
				GCC_OPTIMIZATION_LEVEL = 0;
				GCC_PREPROCESSOR_DEFINITIONS = _MAC;
				GCC_VERSION = 4.0;
				GCC_WARN_ABOUT_RETURN_TYPE = YES;
				GCC_WARN_UNUSED_VARIABLE = YES;
				HEADER_SEARCH_PATHS = "";
				ONLY_ACTIVE_ARCH_PRE_XCODE_3_1 = "$(NATIVE_ARCH)";
				OTHER_CPLUSPLUSFLAGS = (
					"$(OTHER_CFLAGS)",
					"-I/usr/lib/wx/include/mac-unicode-debug-2.8",
					"-I/usr/include/wx-2.8",
					"-D_FILE_OFFSET_BITS=64",
					"-D_LARGE_FILES",
					"-D__WXDEBUG__",
					"-D__WXMAC__",
				);
				OTHER_LDFLAGS = (
					"-framework",
					IOKit,
					"-framework",
					Carbon,
					"-framework",
					Cocoa,
					"-framework",
					System,
					"-framework",
					QuickTime,
					"-framework",
					OpenGL,
					"-framework",
					AGL,
					"-framework",
					OpenAL,
					"-lwx_macud_gl-2.8",
					"-lwx_macud_core-2.8",
					"-lwx_base_carbonud-2.8",
					"-liconv",
				);
				PREBINDING = NO;
				SDKROOT = /Developer/SDKs/MacOSX10.4u.sdk;
			};
			name = Debug;
		};
		1DEB923708733DC60010E9CD /* Release */ = {
			isa = XCBuildConfiguration;
			buildSettings = {
				ARCHS = "$(ONLY_ACTIVE_ARCH_PRE_XCODE_3_1)";
				GCC_C_LANGUAGE_STANDARD = gnu99;
				GCC_PREPROCESSOR_DEFINITIONS = _MAC;
				GCC_VERSION = 4.0;
				GCC_WARN_ABOUT_RETURN_TYPE = YES;
				GCC_WARN_UNUSED_VARIABLE = YES;
				HEADER_SEARCH_PATHS = (
					"~/Downloads/wxMac-2.8.11/include",
					"~/Downloads/wxMac-2.8.11/lib/wx/include/mac-unicode-release-static-2.8",
				);
				LIBRARY_SEARCH_PATHS = "~/Downloads/wxMac-2.8.11/lib";
				ONLY_ACTIVE_ARCH_PRE_XCODE_3_1 = "$(NATIVE_ARCH)";
				OTHER_CPLUSPLUSFLAGS = (
					"$(OTHER_CFLAGS)",
					"-D_FILE_OFFSET_BITS=64",
					"-D_LARGE_FILES",
					"-D__WXMAC__",
				);
				OTHER_LDFLAGS = (
					"-framework",
					IOKit,
					"-framework",
					Carbon,
					"-framework",
					Cocoa,
					"-framework",
					System,
					"-framework",
					QuickTime,
					"-framework",
					OpenGL,
					"-framework",
					AGL,
					"-framework",
					OpenAL,
					"-lwx_macu_gl-2.8",
					"-lwx_macu_core-2.8",
					"-lwx_base_carbonu-2.8",
					"-liconv",
				);
				PREBINDING = NO;
				SDKROOT = /Developer/SDKs/MacOSX10.4u.sdk;
			};
			name = Release;
		};
		5CA765FB119DD607000C0142 /* Debug */ = {
			isa = XCBuildConfiguration;
			buildSettings = {
				ALWAYS_SEARCH_USER_PATHS = NO;
				COPY_PHASE_STRIP = NO;
				GCC_DYNAMIC_NO_PIC = NO;
				GCC_ENABLE_FIX_AND_CONTINUE = YES;
				GCC_INLINES_ARE_PRIVATE_EXTERN = NO;
				GCC_MODEL_TUNING = G5;
				GCC_OPTIMIZATION_LEVEL = 0;
				GCC_PRECOMPILE_PREFIX_HEADER = YES;
				GCC_PREFIX_HEADER = "";
				GCC_SYMBOLS_PRIVATE_EXTERN = NO;
				INFOPLIST_FILE = "build/mac/unreal_speccy_portable-Info.plist";
				INSTALL_PATH = "$(HOME)/Applications";
				PREBINDING = NO;
				PRODUCT_NAME = unreal_speccy_portable;
			};
			name = Debug;
		};
		5CA765FC119DD607000C0142 /* Release */ = {
			isa = XCBuildConfiguration;
			buildSettings = {
				ALWAYS_SEARCH_USER_PATHS = NO;
				COPY_PHASE_STRIP = YES;
				DEBUG_INFORMATION_FORMAT = "";
				GCC_ENABLE_FIX_AND_CONTINUE = NO;
				GCC_INLINES_ARE_PRIVATE_EXTERN = NO;
				GCC_MODEL_TUNING = G5;
				GCC_PRECOMPILE_PREFIX_HEADER = YES;
				GCC_PREFIX_HEADER = "";
				GCC_SYMBOLS_PRIVATE_EXTERN = NO;
				INFOPLIST_FILE = "build/mac/unreal_speccy_portable-Info.plist";
				INSTALL_PATH = "$(HOME)/Applications";
				PREBINDING = NO;
				PRODUCT_NAME = unreal_speccy_portable;
				ZERO_LINK = NO;
			};
			name = Release;
		};
/* End XCBuildConfiguration section */

/* Begin XCConfigurationList section */
		1DEB923108733DC60010E9CD /* Build configuration list for PBXNativeTarget "usp" */ = {
			isa = XCConfigurationList;
			buildConfigurations = (
				1DEB923208733DC60010E9CD /* Debug */,
				1DEB923308733DC60010E9CD /* Release */,
			);
			defaultConfigurationIsVisible = 0;
			defaultConfigurationName = Release;
		};
		1DEB923508733DC60010E9CD /* Build configuration list for PBXProject "usp" */ = {
			isa = XCConfigurationList;
			buildConfigurations = (
				1DEB923608733DC60010E9CD /* Debug */,
				1DEB923708733DC60010E9CD /* Release */,
			);
			defaultConfigurationIsVisible = 0;
			defaultConfigurationName = Release;
		};
		5CA765FD119DD608000C0142 /* Build configuration list for PBXNativeTarget "unreal_speccy_portable" */ = {
			isa = XCConfigurationList;
			buildConfigurations = (
				5CA765FB119DD607000C0142 /* Debug */,
				5CA765FC119DD607000C0142 /* Release */,
			);
			defaultConfigurationIsVisible = 0;
			defaultConfigurationName = Release;
		};
/* End XCConfigurationList section */
	};
	rootObject = 08FB7793FE84155DC02AAC07 /* Project object */;
}
