// !$*UTF8*$!
{
	archiveVersion = 1;
	classes = {
	};
	objectVersion = 42;
	objects = {

/* Begin PBXBuildFile section */
		5C1FB1D6119DE5A1003F1D22 /* main.cpp in Sources */ = {isa = PBXBuildFile; fileRef = 5C1FB1D4119DE5A1003F1D22 /* main.cpp */; };
		5C75A00411C2BB580011E0F7 /* snapshot.cpp in Sources */ = {isa = PBXBuildFile; fileRef = 5C75A00211C2BB580011E0F7 /* snapshot.cpp */; };
		5C75A01311C2BB760011E0F7 /* ui.cpp in Sources */ = {isa = PBXBuildFile; fileRef = 5C75A00711C2BB760011E0F7 /* ui.cpp */; };
		5C75A01411C2BB760011E0F7 /* ui_button.cpp in Sources */ = {isa = PBXBuildFile; fileRef = 5C75A00911C2BB760011E0F7 /* ui_button.cpp */; };
		5C75A01511C2BB760011E0F7 /* ui_control.cpp in Sources */ = {isa = PBXBuildFile; fileRef = 5C75A00B11C2BB760011E0F7 /* ui_control.cpp */; };
		5C75A01611C2BB760011E0F7 /* ui_desktop.cpp in Sources */ = {isa = PBXBuildFile; fileRef = 5C75A00D11C2BB760011E0F7 /* ui_desktop.cpp */; };
		5C75A01711C2BB760011E0F7 /* ui_dialog.cpp in Sources */ = {isa = PBXBuildFile; fileRef = 5C75A00F11C2BB760011E0F7 /* ui_dialog.cpp */; };
		5C75A01811C2BB760011E0F7 /* ui_list.cpp in Sources */ = {isa = PBXBuildFile; fileRef = 5C75A01111C2BB760011E0F7 /* ui_list.cpp */; };
		5C75A02811C2BBAA0011E0F7 /* ui_file_open.cpp in Sources */ = {isa = PBXBuildFile; fileRef = 5C75A02011C2BBAA0011E0F7 /* ui_file_open.cpp */; };
		5C75A02911C2BBAA0011E0F7 /* ui_keyboard.cpp in Sources */ = {isa = PBXBuildFile; fileRef = 5C75A02211C2BBAA0011E0F7 /* ui_keyboard.cpp */; };
		5C75A02A11C2BBAA0011E0F7 /* ui_main.cpp in Sources */ = {isa = PBXBuildFile; fileRef = 5C75A02411C2BBAA0011E0F7 /* ui_main.cpp */; };
		5C75A02B11C2BBAA0011E0F7 /* ui_menu.cpp in Sources */ = {isa = PBXBuildFile; fileRef = 5C75A02611C2BBAA0011E0F7 /* ui_menu.cpp */; };
		5C75A05711C2BBFC0011E0F7 /* options.cpp in Sources */ = {isa = PBXBuildFile; fileRef = 5C75A03411C2BBFC0011E0F7 /* options.cpp */; };
		5C75A05811C2BBFC0011E0F7 /* tinystr.cpp in Sources */ = {isa = PBXBuildFile; fileRef = 5C75A03711C2BBFC0011E0F7 /* tinystr.cpp */; };
		5C75A05911C2BBFC0011E0F7 /* tinyxml.cpp in Sources */ = {isa = PBXBuildFile; fileRef = 5C75A03911C2BBFC0011E0F7 /* tinyxml.cpp */; };
		5C75A05A11C2BBFC0011E0F7 /* tinyxmlerror.cpp in Sources */ = {isa = PBXBuildFile; fileRef = 5C75A03B11C2BBFC0011E0F7 /* tinyxmlerror.cpp */; };
		5C75A05B11C2BBFC0011E0F7 /* tinyxmlparser.cpp in Sources */ = {isa = PBXBuildFile; fileRef = 5C75A03C11C2BBFC0011E0F7 /* tinyxmlparser.cpp */; };
		5C75A05C11C2BBFC0011E0F7 /* adler32.c in Sources */ = {isa = PBXBuildFile; fileRef = 5C75A03E11C2BBFC0011E0F7 /* adler32.c */; };
		5C75A05D11C2BBFC0011E0F7 /* crc32.c in Sources */ = {isa = PBXBuildFile; fileRef = 5C75A03F11C2BBFC0011E0F7 /* crc32.c */; };
		5C75A05E11C2BBFC0011E0F7 /* deflate.c in Sources */ = {isa = PBXBuildFile; fileRef = 5C75A04211C2BBFC0011E0F7 /* deflate.c */; };
		5C75A05F11C2BBFC0011E0F7 /* infback.c in Sources */ = {isa = PBXBuildFile; fileRef = 5C75A04411C2BBFC0011E0F7 /* infback.c */; };
		5C75A06011C2BBFC0011E0F7 /* inffast.c in Sources */ = {isa = PBXBuildFile; fileRef = 5C75A04511C2BBFC0011E0F7 /* inffast.c */; };
		5C75A06111C2BBFC0011E0F7 /* inflate.c in Sources */ = {isa = PBXBuildFile; fileRef = 5C75A04811C2BBFC0011E0F7 /* inflate.c */; };
		5C75A06211C2BBFC0011E0F7 /* inftrees.c in Sources */ = {isa = PBXBuildFile; fileRef = 5C75A04A11C2BBFC0011E0F7 /* inftrees.c */; };
		5C75A06311C2BBFC0011E0F7 /* ioapi.c in Sources */ = {isa = PBXBuildFile; fileRef = 5C75A04C11C2BBFC0011E0F7 /* ioapi.c */; };
		5C75A06411C2BBFC0011E0F7 /* trees.c in Sources */ = {isa = PBXBuildFile; fileRef = 5C75A04E11C2BBFC0011E0F7 /* trees.c */; };
		5C75A06511C2BBFC0011E0F7 /* uncompr.c in Sources */ = {isa = PBXBuildFile; fileRef = 5C75A05011C2BBFC0011E0F7 /* uncompr.c */; };
		5C75A06611C2BBFC0011E0F7 /* unzip.c in Sources */ = {isa = PBXBuildFile; fileRef = 5C75A05111C2BBFC0011E0F7 /* unzip.c */; };
		5C75A06711C2BBFC0011E0F7 /* zutil.c in Sources */ = {isa = PBXBuildFile; fileRef = 5C75A05511C2BBFC0011E0F7 /* zutil.c */; };
		5C75A0AD11C2BF190011E0F7 /* options_common.cpp in Sources */ = {isa = PBXBuildFile; fileRef = 5C75A0AC11C2BF190011E0F7 /* options_common.cpp */; };
		5C7E10E3119EF4D800C8A7BC /* res in Resources */ = {isa = PBXBuildFile; fileRef = 5C7E10D7119EF4D800C8A7BC /* res */; };
		5C80605B11DFB470009B9B6A /* ui_profiler.cpp in Sources */ = {isa = PBXBuildFile; fileRef = 5C80605A11DFB470009B9B6A /* ui_profiler.cpp */; };
		5C80606D11DFB4E1009B9B6A /* screenshot.cpp in Sources */ = {isa = PBXBuildFile; fileRef = 5C80606C11DFB4E1009B9B6A /* screenshot.cpp */; };
		5C80607E11DFB525009B9B6A /* png.c in Sources */ = {isa = PBXBuildFile; fileRef = 5C80607011DFB524009B9B6A /* png.c */; };
		5C80607F11DFB525009B9B6A /* pngerror.c in Sources */ = {isa = PBXBuildFile; fileRef = 5C80607311DFB524009B9B6A /* pngerror.c */; };
		5C80608011DFB525009B9B6A /* pngget.c in Sources */ = {isa = PBXBuildFile; fileRef = 5C80607411DFB524009B9B6A /* pngget.c */; };
		5C80608111DFB525009B9B6A /* pngmem.c in Sources */ = {isa = PBXBuildFile; fileRef = 5C80607511DFB524009B9B6A /* pngmem.c */; };
		5C80608211DFB525009B9B6A /* pngset.c in Sources */ = {isa = PBXBuildFile; fileRef = 5C80607711DFB524009B9B6A /* pngset.c */; };
		5C80608311DFB525009B9B6A /* pngtrans.c in Sources */ = {isa = PBXBuildFile; fileRef = 5C80607811DFB524009B9B6A /* pngtrans.c */; };
		5C80608411DFB525009B9B6A /* pngwio.c in Sources */ = {isa = PBXBuildFile; fileRef = 5C80607A11DFB524009B9B6A /* pngwio.c */; };
		5C80608511DFB525009B9B6A /* pngwrite.c in Sources */ = {isa = PBXBuildFile; fileRef = 5C80607B11DFB524009B9B6A /* pngwrite.c */; };
		5C80608611DFB525009B9B6A /* pngwtran.c in Sources */ = {isa = PBXBuildFile; fileRef = 5C80607C11DFB524009B9B6A /* pngwtran.c */; };
		5C80608711DFB525009B9B6A /* pngwutil.c in Sources */ = {isa = PBXBuildFile; fileRef = 5C80607D11DFB524009B9B6A /* pngwutil.c */; };
		5C87D59511A1F5B500CC595A /* draw.cpp in Sources */ = {isa = PBXBuildFile; fileRef = 5C87D57711A1F5B500CC595A /* draw.cpp */; };
		5C87D59611A1F5B500CC595A /* vsync.cpp in Sources */ = {isa = PBXBuildFile; fileRef = 5C87D57811A1F5B500CC595A /* vsync.cpp */; };
		5C87D59811A1F5B500CC595A /* io.cpp in Sources */ = {isa = PBXBuildFile; fileRef = 5C87D57B11A1F5B500CC595A /* io.cpp */; };
		5C87D59911A1F5B500CC595A /* mac.cpp in Sources */ = {isa = PBXBuildFile; fileRef = 5C87D58011A1F5B500CC595A /* mac.cpp */; };
		5C87D59A11A1F5B500CC595A /* oal.cpp in Sources */ = {isa = PBXBuildFile; fileRef = 5C87D58211A1F5B500CC595A /* oal.cpp */; };
		5C87D59B11A1F5B500CC595A /* platform.cpp in Sources */ = {isa = PBXBuildFile; fileRef = 5C87D58311A1F5B500CC595A /* platform.cpp */; };
		5C87D5A011A1F5B500CC595A /* main_wx.cpp in Sources */ = {isa = PBXBuildFile; fileRef = 5C87D58F11A1F5B500CC595A /* main_wx.cpp */; };
		5CA77318119DE44A000C0142 /* device.cpp in Sources */ = {isa = PBXBuildFile; fileRef = 5CA77208119DE448000C0142 /* device.cpp */; };
		5CA77319119DE44A000C0142 /* fdd.cpp in Sources */ = {isa = PBXBuildFile; fileRef = 5CA7720B119DE448000C0142 /* fdd.cpp */; };
		5CA7731A119DE44A000C0142 /* wd1793.cpp in Sources */ = {isa = PBXBuildFile; fileRef = 5CA7720D119DE448000C0142 /* wd1793.cpp */; };
		5CA7731B119DE44A000C0142 /* kempston_joy.cpp in Sources */ = {isa = PBXBuildFile; fileRef = 5CA77210119DE448000C0142 /* kempston_joy.cpp */; };
		5CA7731C119DE44A000C0142 /* kempston_mouse.cpp in Sources */ = {isa = PBXBuildFile; fileRef = 5CA77212119DE448000C0142 /* kempston_mouse.cpp */; };
		5CA7731D119DE44A000C0142 /* keyboard.cpp in Sources */ = {isa = PBXBuildFile; fileRef = 5CA77214119DE448000C0142 /* keyboard.cpp */; };
		5CA7731E119DE44A000C0142 /* tape.cpp in Sources */ = {isa = PBXBuildFile; fileRef = 5CA77216119DE448000C0142 /* tape.cpp */; };
		5CA7731F119DE44A000C0142 /* memory.cpp in Sources */ = {isa = PBXBuildFile; fileRef = 5CA77218119DE448000C0142 /* memory.cpp */; };
		5CA77320119DE44A000C0142 /* ay.cpp in Sources */ = {isa = PBXBuildFile; fileRef = 5CA7721B119DE448000C0142 /* ay.cpp */; };
		5CA77321119DE44A000C0142 /* beeper.cpp in Sources */ = {isa = PBXBuildFile; fileRef = 5CA7721D119DE448000C0142 /* beeper.cpp */; };
		5CA77322119DE44A000C0142 /* device_sound.cpp in Sources */ = {isa = PBXBuildFile; fileRef = 5CA7721F119DE448000C0142 /* device_sound.cpp */; };
		5CA77323119DE44A000C0142 /* ula.cpp in Sources */ = {isa = PBXBuildFile; fileRef = 5CA77221119DE448000C0142 /* ula.cpp */; };
		5CA7733A119DE44A000C0142 /* speccy.cpp in Sources */ = {isa = PBXBuildFile; fileRef = 5CA7724A119DE449000C0142 /* speccy.cpp */; };
		5CA7733B119DE44A000C0142 /* log.cpp in Sources */ = {isa = PBXBuildFile; fileRef = 5CA7724F119DE449000C0142 /* log.cpp */; };
		5CA7733C119DE44A000C0142 /* profiler.cpp in Sources */ = {isa = PBXBuildFile; fileRef = 5CA77251119DE449000C0142 /* profiler.cpp */; };
		5CA77342119DE44A000C0142 /* z80.cpp in Sources */ = {isa = PBXBuildFile; fileRef = 5CA77265119DE449000C0142 /* z80.cpp */; };
		5CA77343119DE44A000C0142 /* z80_op_tables.cpp in Sources */ = {isa = PBXBuildFile; fileRef = 5CA7726E119DE449000C0142 /* z80_op_tables.cpp */; };
		5CA77344119DE44A000C0142 /* z80_opcodes.cpp in Sources */ = {isa = PBXBuildFile; fileRef = 5CA77270119DE449000C0142 /* z80_opcodes.cpp */; };
		5CD2CF2F11A03E39007A7F80 /* unreal_speccy_portable.icns in Resources */ = {isa = PBXBuildFile; fileRef = 5CD2CF2E11A03E39007A7F80 /* unreal_speccy_portable.icns */; };
/* End PBXBuildFile section */

/* Begin PBXFileReference section */
		5C050F64119F2CDF003EE1DB /* unreal_speccy_portable-Info.plist */ = {isa = PBXFileReference; fileEncoding = 4; lastKnownFileType = text.plist.xml; name = "unreal_speccy_portable-Info.plist"; path = "build/mac/unreal_speccy_portable-Info.plist"; sourceTree = "<group>"; };
		5C1FB1D4119DE5A1003F1D22 /* main.cpp */ = {isa = PBXFileReference; fileEncoding = 4; lastKnownFileType = sourcecode.cpp.cpp; path = main.cpp; sourceTree = "<group>"; };
		5C45C2941427E400001323D0 /* endian.h */ = {isa = PBXFileReference; fileEncoding = 4; lastKnownFileType = sourcecode.c.h; path = endian.h; sourceTree = "<group>"; };
		5C75A00211C2BB580011E0F7 /* snapshot.cpp */ = {isa = PBXFileReference; fileEncoding = 4; lastKnownFileType = sourcecode.cpp.cpp; path = snapshot.cpp; sourceTree = "<group>"; };
		5C75A00311C2BB580011E0F7 /* snapshot.h */ = {isa = PBXFileReference; fileEncoding = 4; lastKnownFileType = sourcecode.c.h; path = snapshot.h; sourceTree = "<group>"; };
		5C75A00711C2BB760011E0F7 /* ui.cpp */ = {isa = PBXFileReference; fileEncoding = 4; lastKnownFileType = sourcecode.cpp.cpp; path = ui.cpp; sourceTree = "<group>"; };
		5C75A00811C2BB760011E0F7 /* ui.h */ = {isa = PBXFileReference; fileEncoding = 4; lastKnownFileType = sourcecode.c.h; path = ui.h; sourceTree = "<group>"; };
		5C75A00911C2BB760011E0F7 /* ui_button.cpp */ = {isa = PBXFileReference; fileEncoding = 4; lastKnownFileType = sourcecode.cpp.cpp; path = ui_button.cpp; sourceTree = "<group>"; };
		5C75A00A11C2BB760011E0F7 /* ui_button.h */ = {isa = PBXFileReference; fileEncoding = 4; lastKnownFileType = sourcecode.c.h; path = ui_button.h; sourceTree = "<group>"; };
		5C75A00B11C2BB760011E0F7 /* ui_control.cpp */ = {isa = PBXFileReference; fileEncoding = 4; lastKnownFileType = sourcecode.cpp.cpp; path = ui_control.cpp; sourceTree = "<group>"; };
		5C75A00C11C2BB760011E0F7 /* ui_control.h */ = {isa = PBXFileReference; fileEncoding = 4; lastKnownFileType = sourcecode.c.h; path = ui_control.h; sourceTree = "<group>"; };
		5C75A00D11C2BB760011E0F7 /* ui_desktop.cpp */ = {isa = PBXFileReference; fileEncoding = 4; lastKnownFileType = sourcecode.cpp.cpp; path = ui_desktop.cpp; sourceTree = "<group>"; };
		5C75A00E11C2BB760011E0F7 /* ui_desktop.h */ = {isa = PBXFileReference; fileEncoding = 4; lastKnownFileType = sourcecode.c.h; path = ui_desktop.h; sourceTree = "<group>"; };
		5C75A00F11C2BB760011E0F7 /* ui_dialog.cpp */ = {isa = PBXFileReference; fileEncoding = 4; lastKnownFileType = sourcecode.cpp.cpp; path = ui_dialog.cpp; sourceTree = "<group>"; };
		5C75A01011C2BB760011E0F7 /* ui_dialog.h */ = {isa = PBXFileReference; fileEncoding = 4; lastKnownFileType = sourcecode.c.h; path = ui_dialog.h; sourceTree = "<group>"; };
		5C75A01111C2BB760011E0F7 /* ui_list.cpp */ = {isa = PBXFileReference; fileEncoding = 4; lastKnownFileType = sourcecode.cpp.cpp; path = ui_list.cpp; sourceTree = "<group>"; };
		5C75A01211C2BB760011E0F7 /* ui_list.h */ = {isa = PBXFileReference; fileEncoding = 4; lastKnownFileType = sourcecode.c.h; path = ui_list.h; sourceTree = "<group>"; };
		5C75A02011C2BBAA0011E0F7 /* ui_file_open.cpp */ = {isa = PBXFileReference; fileEncoding = 4; lastKnownFileType = sourcecode.cpp.cpp; path = ui_file_open.cpp; sourceTree = "<group>"; };
		5C75A02111C2BBAA0011E0F7 /* ui_file_open.h */ = {isa = PBXFileReference; fileEncoding = 4; lastKnownFileType = sourcecode.c.h; path = ui_file_open.h; sourceTree = "<group>"; };
		5C75A02211C2BBAA0011E0F7 /* ui_keyboard.cpp */ = {isa = PBXFileReference; fileEncoding = 4; lastKnownFileType = sourcecode.cpp.cpp; path = ui_keyboard.cpp; sourceTree = "<group>"; };
		5C75A02311C2BBAA0011E0F7 /* ui_keyboard.h */ = {isa = PBXFileReference; fileEncoding = 4; lastKnownFileType = sourcecode.c.h; path = ui_keyboard.h; sourceTree = "<group>"; };
		5C75A02411C2BBAA0011E0F7 /* ui_main.cpp */ = {isa = PBXFileReference; fileEncoding = 4; lastKnownFileType = sourcecode.cpp.cpp; path = ui_main.cpp; sourceTree = "<group>"; };
		5C75A02511C2BBAA0011E0F7 /* ui_main.h */ = {isa = PBXFileReference; fileEncoding = 4; lastKnownFileType = sourcecode.c.h; path = ui_main.h; sourceTree = "<group>"; };
		5C75A02611C2BBAA0011E0F7 /* ui_menu.cpp */ = {isa = PBXFileReference; fileEncoding = 4; lastKnownFileType = sourcecode.cpp.cpp; path = ui_menu.cpp; sourceTree = "<group>"; };
		5C75A02711C2BBAA0011E0F7 /* ui_menu.h */ = {isa = PBXFileReference; fileEncoding = 4; lastKnownFileType = sourcecode.c.h; path = ui_menu.h; sourceTree = "<group>"; };
		5C75A03311C2BBFC0011E0F7 /* list.h */ = {isa = PBXFileReference; fileEncoding = 4; lastKnownFileType = sourcecode.c.h; path = list.h; sourceTree = "<group>"; };
		5C75A03411C2BBFC0011E0F7 /* options.cpp */ = {isa = PBXFileReference; fileEncoding = 4; lastKnownFileType = sourcecode.cpp.cpp; path = options.cpp; sourceTree = "<group>"; };
		5C75A03511C2BBFC0011E0F7 /* options.h */ = {isa = PBXFileReference; fileEncoding = 4; lastKnownFileType = sourcecode.c.h; path = options.h; sourceTree = "<group>"; };
		5C75A03711C2BBFC0011E0F7 /* tinystr.cpp */ = {isa = PBXFileReference; fileEncoding = 4; lastKnownFileType = sourcecode.cpp.cpp; path = tinystr.cpp; sourceTree = "<group>"; };
		5C75A03811C2BBFC0011E0F7 /* tinystr.h */ = {isa = PBXFileReference; fileEncoding = 4; lastKnownFileType = sourcecode.c.h; path = tinystr.h; sourceTree = "<group>"; };
		5C75A03911C2BBFC0011E0F7 /* tinyxml.cpp */ = {isa = PBXFileReference; fileEncoding = 4; lastKnownFileType = sourcecode.cpp.cpp; path = tinyxml.cpp; sourceTree = "<group>"; };
		5C75A03A11C2BBFC0011E0F7 /* tinyxml.h */ = {isa = PBXFileReference; fileEncoding = 4; lastKnownFileType = sourcecode.c.h; path = tinyxml.h; sourceTree = "<group>"; };
		5C75A03B11C2BBFC0011E0F7 /* tinyxmlerror.cpp */ = {isa = PBXFileReference; fileEncoding = 4; lastKnownFileType = sourcecode.cpp.cpp; path = tinyxmlerror.cpp; sourceTree = "<group>"; };
		5C75A03C11C2BBFC0011E0F7 /* tinyxmlparser.cpp */ = {isa = PBXFileReference; fileEncoding = 4; lastKnownFileType = sourcecode.cpp.cpp; path = tinyxmlparser.cpp; sourceTree = "<group>"; };
		5C75A03E11C2BBFC0011E0F7 /* adler32.c */ = {isa = PBXFileReference; fileEncoding = 4; lastKnownFileType = sourcecode.c.c; path = adler32.c; sourceTree = "<group>"; };
		5C75A03F11C2BBFC0011E0F7 /* crc32.c */ = {isa = PBXFileReference; fileEncoding = 4; lastKnownFileType = sourcecode.c.c; path = crc32.c; sourceTree = "<group>"; };
		5C75A04011C2BBFC0011E0F7 /* crc32.h */ = {isa = PBXFileReference; fileEncoding = 4; lastKnownFileType = sourcecode.c.h; path = crc32.h; sourceTree = "<group>"; };
		5C75A04111C2BBFC0011E0F7 /* crypt.h */ = {isa = PBXFileReference; fileEncoding = 4; lastKnownFileType = sourcecode.c.h; path = crypt.h; sourceTree = "<group>"; };
		5C75A04211C2BBFC0011E0F7 /* deflate.c */ = {isa = PBXFileReference; fileEncoding = 4; lastKnownFileType = sourcecode.c.c; path = deflate.c; sourceTree = "<group>"; };
		5C75A04311C2BBFC0011E0F7 /* deflate.h */ = {isa = PBXFileReference; fileEncoding = 4; lastKnownFileType = sourcecode.c.h; path = deflate.h; sourceTree = "<group>"; };
		5C75A04411C2BBFC0011E0F7 /* infback.c */ = {isa = PBXFileReference; fileEncoding = 4; lastKnownFileType = sourcecode.c.c; path = infback.c; sourceTree = "<group>"; };
		5C75A04511C2BBFC0011E0F7 /* inffast.c */ = {isa = PBXFileReference; fileEncoding = 4; lastKnownFileType = sourcecode.c.c; path = inffast.c; sourceTree = "<group>"; };
		5C75A04611C2BBFC0011E0F7 /* inffast.h */ = {isa = PBXFileReference; fileEncoding = 4; lastKnownFileType = sourcecode.c.h; path = inffast.h; sourceTree = "<group>"; };
		5C75A04711C2BBFC0011E0F7 /* inffixed.h */ = {isa = PBXFileReference; fileEncoding = 4; lastKnownFileType = sourcecode.c.h; path = inffixed.h; sourceTree = "<group>"; };
		5C75A04811C2BBFC0011E0F7 /* inflate.c */ = {isa = PBXFileReference; fileEncoding = 4; lastKnownFileType = sourcecode.c.c; path = inflate.c; sourceTree = "<group>"; };
		5C75A04911C2BBFC0011E0F7 /* inflate.h */ = {isa = PBXFileReference; fileEncoding = 4; lastKnownFileType = sourcecode.c.h; path = inflate.h; sourceTree = "<group>"; };
		5C75A04A11C2BBFC0011E0F7 /* inftrees.c */ = {isa = PBXFileReference; fileEncoding = 4; lastKnownFileType = sourcecode.c.c; path = inftrees.c; sourceTree = "<group>"; };
		5C75A04B11C2BBFC0011E0F7 /* inftrees.h */ = {isa = PBXFileReference; fileEncoding = 4; lastKnownFileType = sourcecode.c.h; path = inftrees.h; sourceTree = "<group>"; };
		5C75A04C11C2BBFC0011E0F7 /* ioapi.c */ = {isa = PBXFileReference; fileEncoding = 4; lastKnownFileType = sourcecode.c.c; path = ioapi.c; sourceTree = "<group>"; };
		5C75A04D11C2BBFC0011E0F7 /* ioapi.h */ = {isa = PBXFileReference; fileEncoding = 4; lastKnownFileType = sourcecode.c.h; path = ioapi.h; sourceTree = "<group>"; };
		5C75A04E11C2BBFC0011E0F7 /* trees.c */ = {isa = PBXFileReference; fileEncoding = 4; lastKnownFileType = sourcecode.c.c; path = trees.c; sourceTree = "<group>"; };
		5C75A04F11C2BBFC0011E0F7 /* trees.h */ = {isa = PBXFileReference; fileEncoding = 4; lastKnownFileType = sourcecode.c.h; path = trees.h; sourceTree = "<group>"; };
		5C75A05011C2BBFC0011E0F7 /* uncompr.c */ = {isa = PBXFileReference; fileEncoding = 4; lastKnownFileType = sourcecode.c.c; path = uncompr.c; sourceTree = "<group>"; };
		5C75A05111C2BBFC0011E0F7 /* unzip.c */ = {isa = PBXFileReference; fileEncoding = 4; lastKnownFileType = sourcecode.c.c; path = unzip.c; sourceTree = "<group>"; };
		5C75A05211C2BBFC0011E0F7 /* unzip.h */ = {isa = PBXFileReference; fileEncoding = 4; lastKnownFileType = sourcecode.c.h; path = unzip.h; sourceTree = "<group>"; };
		5C75A05311C2BBFC0011E0F7 /* zconf.h */ = {isa = PBXFileReference; fileEncoding = 4; lastKnownFileType = sourcecode.c.h; path = zconf.h; sourceTree = "<group>"; };
		5C75A05411C2BBFC0011E0F7 /* zlib.h */ = {isa = PBXFileReference; fileEncoding = 4; lastKnownFileType = sourcecode.c.h; path = zlib.h; sourceTree = "<group>"; };
		5C75A05511C2BBFC0011E0F7 /* zutil.c */ = {isa = PBXFileReference; fileEncoding = 4; lastKnownFileType = sourcecode.c.c; path = zutil.c; sourceTree = "<group>"; };
		5C75A05611C2BBFC0011E0F7 /* zutil.h */ = {isa = PBXFileReference; fileEncoding = 4; lastKnownFileType = sourcecode.c.h; path = zutil.h; sourceTree = "<group>"; };
		5C75A0AC11C2BF190011E0F7 /* options_common.cpp */ = {isa = PBXFileReference; fileEncoding = 4; lastKnownFileType = sourcecode.cpp.cpp; path = options_common.cpp; sourceTree = "<group>"; };
		5C7E10D7119EF4D800C8A7BC /* res */ = {isa = PBXFileReference; lastKnownFileType = folder; path = res; sourceTree = "<group>"; };
		5C80605811DFB40E009B9B6A /* options_common.h */ = {isa = PBXFileReference; fileEncoding = 4; lastKnownFileType = sourcecode.c.h; path = options_common.h; sourceTree = "<group>"; };
		5C80605911DFB43B009B9B6A /* io_select.h */ = {isa = PBXFileReference; fileEncoding = 4; lastKnownFileType = sourcecode.c.h; path = io_select.h; sourceTree = "<group>"; };
		5C80605A11DFB470009B9B6A /* ui_profiler.cpp */ = {isa = PBXFileReference; fileEncoding = 4; lastKnownFileType = sourcecode.cpp.cpp; path = ui_profiler.cpp; sourceTree = "<group>"; };
		5C80606C11DFB4E1009B9B6A /* screenshot.cpp */ = {isa = PBXFileReference; fileEncoding = 4; lastKnownFileType = sourcecode.cpp.cpp; path = screenshot.cpp; sourceTree = "<group>"; };
		5C80607011DFB524009B9B6A /* png.c */ = {isa = PBXFileReference; fileEncoding = 4; lastKnownFileType = sourcecode.c.c; path = png.c; sourceTree = "<group>"; };
		5C80607111DFB524009B9B6A /* png.h */ = {isa = PBXFileReference; fileEncoding = 4; lastKnownFileType = sourcecode.c.h; path = png.h; sourceTree = "<group>"; };
		5C80607211DFB524009B9B6A /* pngconf.h */ = {isa = PBXFileReference; fileEncoding = 4; lastKnownFileType = sourcecode.c.h; path = pngconf.h; sourceTree = "<group>"; };
		5C80607311DFB524009B9B6A /* pngerror.c */ = {isa = PBXFileReference; fileEncoding = 4; lastKnownFileType = sourcecode.c.c; path = pngerror.c; sourceTree = "<group>"; };
		5C80607411DFB524009B9B6A /* pngget.c */ = {isa = PBXFileReference; fileEncoding = 4; lastKnownFileType = sourcecode.c.c; path = pngget.c; sourceTree = "<group>"; };
		5C80607511DFB524009B9B6A /* pngmem.c */ = {isa = PBXFileReference; fileEncoding = 4; lastKnownFileType = sourcecode.c.c; path = pngmem.c; sourceTree = "<group>"; };
		5C80607611DFB524009B9B6A /* pngpriv.h */ = {isa = PBXFileReference; fileEncoding = 4; lastKnownFileType = sourcecode.c.h; path = pngpriv.h; sourceTree = "<group>"; };
		5C80607711DFB524009B9B6A /* pngset.c */ = {isa = PBXFileReference; fileEncoding = 4; lastKnownFileType = sourcecode.c.c; path = pngset.c; sourceTree = "<group>"; };
		5C80607811DFB524009B9B6A /* pngtrans.c */ = {isa = PBXFileReference; fileEncoding = 4; lastKnownFileType = sourcecode.c.c; path = pngtrans.c; sourceTree = "<group>"; };
		5C80607911DFB524009B9B6A /* pngusr.h */ = {isa = PBXFileReference; fileEncoding = 4; lastKnownFileType = sourcecode.c.h; path = pngusr.h; sourceTree = "<group>"; };
		5C80607A11DFB524009B9B6A /* pngwio.c */ = {isa = PBXFileReference; fileEncoding = 4; lastKnownFileType = sourcecode.c.c; path = pngwio.c; sourceTree = "<group>"; };
		5C80607B11DFB524009B9B6A /* pngwrite.c */ = {isa = PBXFileReference; fileEncoding = 4; lastKnownFileType = sourcecode.c.c; path = pngwrite.c; sourceTree = "<group>"; };
		5C80607C11DFB524009B9B6A /* pngwtran.c */ = {isa = PBXFileReference; fileEncoding = 4; lastKnownFileType = sourcecode.c.c; path = pngwtran.c; sourceTree = "<group>"; };
		5C80607D11DFB524009B9B6A /* pngwutil.c */ = {isa = PBXFileReference; fileEncoding = 4; lastKnownFileType = sourcecode.c.c; path = pngwutil.c; sourceTree = "<group>"; };
		5C87D57711A1F5B500CC595A /* draw.cpp */ = {isa = PBXFileReference; fileEncoding = 4; lastKnownFileType = sourcecode.cpp.cpp; path = draw.cpp; sourceTree = "<group>"; };
		5C87D57811A1F5B500CC595A /* vsync.cpp */ = {isa = PBXFileReference; fileEncoding = 4; lastKnownFileType = sourcecode.cpp.cpp; path = vsync.cpp; sourceTree = "<group>"; };
		5C87D57B11A1F5B500CC595A /* io.cpp */ = {isa = PBXFileReference; fileEncoding = 4; lastKnownFileType = sourcecode.cpp.cpp; path = io.cpp; sourceTree = "<group>"; };
		5C87D57C11A1F5B500CC595A /* io.h */ = {isa = PBXFileReference; fileEncoding = 4; lastKnownFileType = sourcecode.c.h; path = io.h; sourceTree = "<group>"; };
		5C87D58011A1F5B500CC595A /* mac.cpp */ = {isa = PBXFileReference; fileEncoding = 4; lastKnownFileType = sourcecode.cpp.cpp; path = mac.cpp; sourceTree = "<group>"; };
		5C87D58211A1F5B500CC595A /* oal.cpp */ = {isa = PBXFileReference; fileEncoding = 4; lastKnownFileType = sourcecode.cpp.cpp; path = oal.cpp; sourceTree = "<group>"; };
		5C87D58311A1F5B500CC595A /* platform.cpp */ = {isa = PBXFileReference; fileEncoding = 4; lastKnownFileType = sourcecode.cpp.cpp; path = platform.cpp; sourceTree = "<group>"; };
		5C87D58411A1F5B500CC595A /* platform.h */ = {isa = PBXFileReference; fileEncoding = 4; lastKnownFileType = sourcecode.c.h; path = platform.h; sourceTree = "<group>"; };
		5C87D58F11A1F5B500CC595A /* main_wx.cpp */ = {isa = PBXFileReference; fileEncoding = 4; lastKnownFileType = sourcecode.cpp.cpp; path = main_wx.cpp; sourceTree = "<group>"; };
		5CA765F8119DD606000C0142 /* unreal_speccy_portable.app */ = {isa = PBXFileReference; explicitFileType = wrapper.application; includeInIndex = 0; path = unreal_speccy_portable.app; sourceTree = BUILT_PRODUCTS_DIR; };
		5CA77208119DE448000C0142 /* device.cpp */ = {isa = PBXFileReference; fileEncoding = 4; lastKnownFileType = sourcecode.cpp.cpp; path = device.cpp; sourceTree = "<group>"; };
		5CA77209119DE448000C0142 /* device.h */ = {isa = PBXFileReference; fileEncoding = 4; lastKnownFileType = sourcecode.c.h; path = device.h; sourceTree = "<group>"; };
		5CA7720B119DE448000C0142 /* fdd.cpp */ = {isa = PBXFileReference; fileEncoding = 4; lastKnownFileType = sourcecode.cpp.cpp; path = fdd.cpp; sourceTree = "<group>"; };
		5CA7720C119DE448000C0142 /* fdd.h */ = {isa = PBXFileReference; fileEncoding = 4; lastKnownFileType = sourcecode.c.h; path = fdd.h; sourceTree = "<group>"; };
		5CA7720D119DE448000C0142 /* wd1793.cpp */ = {isa = PBXFileReference; fileEncoding = 4; lastKnownFileType = sourcecode.cpp.cpp; path = wd1793.cpp; sourceTree = "<group>"; };
		5CA7720E119DE448000C0142 /* wd1793.h */ = {isa = PBXFileReference; fileEncoding = 4; lastKnownFileType = sourcecode.c.h; path = wd1793.h; sourceTree = "<group>"; };
		5CA77210119DE448000C0142 /* kempston_joy.cpp */ = {isa = PBXFileReference; fileEncoding = 4; lastKnownFileType = sourcecode.cpp.cpp; path = kempston_joy.cpp; sourceTree = "<group>"; };
		5CA77211119DE448000C0142 /* kempston_joy.h */ = {isa = PBXFileReference; fileEncoding = 4; lastKnownFileType = sourcecode.c.h; path = kempston_joy.h; sourceTree = "<group>"; };
		5CA77212119DE448000C0142 /* kempston_mouse.cpp */ = {isa = PBXFileReference; fileEncoding = 4; lastKnownFileType = sourcecode.cpp.cpp; path = kempston_mouse.cpp; sourceTree = "<group>"; };
		5CA77213119DE448000C0142 /* kempston_mouse.h */ = {isa = PBXFileReference; fileEncoding = 4; lastKnownFileType = sourcecode.c.h; path = kempston_mouse.h; sourceTree = "<group>"; };
		5CA77214119DE448000C0142 /* keyboard.cpp */ = {isa = PBXFileReference; fileEncoding = 4; lastKnownFileType = sourcecode.cpp.cpp; path = keyboard.cpp; sourceTree = "<group>"; };
		5CA77215119DE448000C0142 /* keyboard.h */ = {isa = PBXFileReference; fileEncoding = 4; lastKnownFileType = sourcecode.c.h; path = keyboard.h; sourceTree = "<group>"; };
		5CA77216119DE448000C0142 /* tape.cpp */ = {isa = PBXFileReference; fileEncoding = 4; lastKnownFileType = sourcecode.cpp.cpp; path = tape.cpp; sourceTree = "<group>"; };
		5CA77217119DE448000C0142 /* tape.h */ = {isa = PBXFileReference; fileEncoding = 4; lastKnownFileType = sourcecode.c.h; path = tape.h; sourceTree = "<group>"; };
		5CA77218119DE448000C0142 /* memory.cpp */ = {isa = PBXFileReference; fileEncoding = 4; lastKnownFileType = sourcecode.cpp.cpp; path = memory.cpp; sourceTree = "<group>"; };
		5CA77219119DE448000C0142 /* memory.h */ = {isa = PBXFileReference; fileEncoding = 4; lastKnownFileType = sourcecode.c.h; path = memory.h; sourceTree = "<group>"; };
		5CA7721B119DE448000C0142 /* ay.cpp */ = {isa = PBXFileReference; fileEncoding = 4; lastKnownFileType = sourcecode.cpp.cpp; path = ay.cpp; sourceTree = "<group>"; };
		5CA7721C119DE448000C0142 /* ay.h */ = {isa = PBXFileReference; fileEncoding = 4; lastKnownFileType = sourcecode.c.h; path = ay.h; sourceTree = "<group>"; };
		5CA7721D119DE448000C0142 /* beeper.cpp */ = {isa = PBXFileReference; fileEncoding = 4; lastKnownFileType = sourcecode.cpp.cpp; path = beeper.cpp; sourceTree = "<group>"; };
		5CA7721E119DE448000C0142 /* beeper.h */ = {isa = PBXFileReference; fileEncoding = 4; lastKnownFileType = sourcecode.c.h; path = beeper.h; sourceTree = "<group>"; };
		5CA7721F119DE448000C0142 /* device_sound.cpp */ = {isa = PBXFileReference; fileEncoding = 4; lastKnownFileType = sourcecode.cpp.cpp; path = device_sound.cpp; sourceTree = "<group>"; };
		5CA77220119DE448000C0142 /* device_sound.h */ = {isa = PBXFileReference; fileEncoding = 4; lastKnownFileType = sourcecode.c.h; path = device_sound.h; sourceTree = "<group>"; };
		5CA77221119DE448000C0142 /* ula.cpp */ = {isa = PBXFileReference; fileEncoding = 4; lastKnownFileType = sourcecode.cpp.cpp; path = ula.cpp; sourceTree = "<group>"; };
		5CA77222119DE448000C0142 /* ula.h */ = {isa = PBXFileReference; fileEncoding = 4; lastKnownFileType = sourcecode.c.h; path = ula.h; sourceTree = "<group>"; };
		5CA7724A119DE449000C0142 /* speccy.cpp */ = {isa = PBXFileReference; fileEncoding = 4; lastKnownFileType = sourcecode.cpp.cpp; path = speccy.cpp; sourceTree = "<group>"; };
		5CA7724B119DE449000C0142 /* speccy.h */ = {isa = PBXFileReference; fileEncoding = 4; lastKnownFileType = sourcecode.c.h; path = speccy.h; sourceTree = "<group>"; };
		5CA7724C119DE449000C0142 /* std.h */ = {isa = PBXFileReference; fileEncoding = 4; lastKnownFileType = sourcecode.c.h; path = std.h; sourceTree = "<group>"; };
		5CA7724D119DE449000C0142 /* std_types.h */ = {isa = PBXFileReference; fileEncoding = 4; lastKnownFileType = sourcecode.c.h; path = std_types.h; sourceTree = "<group>"; };
		5CA7724F119DE449000C0142 /* log.cpp */ = {isa = PBXFileReference; fileEncoding = 4; lastKnownFileType = sourcecode.cpp.cpp; path = log.cpp; sourceTree = "<group>"; };
		5CA77250119DE449000C0142 /* log.h */ = {isa = PBXFileReference; fileEncoding = 4; lastKnownFileType = sourcecode.c.h; path = log.h; sourceTree = "<group>"; };
		5CA77251119DE449000C0142 /* profiler.cpp */ = {isa = PBXFileReference; fileEncoding = 4; lastKnownFileType = sourcecode.cpp.cpp; path = profiler.cpp; sourceTree = "<group>"; };
		5CA77252119DE449000C0142 /* profiler.h */ = {isa = PBXFileReference; fileEncoding = 4; lastKnownFileType = sourcecode.c.h; path = profiler.h; sourceTree = "<group>"; };
		5CA77253119DE449000C0142 /* tick.h */ = {isa = PBXFileReference; fileEncoding = 4; lastKnownFileType = sourcecode.c.h; path = tick.h; sourceTree = "<group>"; };
		5CA77254119DE449000C0142 /* tick_clock.h */ = {isa = PBXFileReference; fileEncoding = 4; lastKnownFileType = sourcecode.c.h; path = tick_clock.h; sourceTree = "<group>"; };
		5CA77257119DE449000C0142 /* time.h */ = {isa = PBXFileReference; fileEncoding = 4; lastKnownFileType = sourcecode.c.h; path = time.h; sourceTree = "<group>"; };
		5CA77265119DE449000C0142 /* z80.cpp */ = {isa = PBXFileReference; fileEncoding = 4; lastKnownFileType = sourcecode.cpp.cpp; path = z80.cpp; sourceTree = "<group>"; };
		5CA77266119DE449000C0142 /* z80.h */ = {isa = PBXFileReference; fileEncoding = 4; lastKnownFileType = sourcecode.c.h; path = z80.h; sourceTree = "<group>"; };
		5CA77267119DE449000C0142 /* z80_op.h */ = {isa = PBXFileReference; fileEncoding = 4; lastKnownFileType = sourcecode.c.h; path = z80_op.h; sourceTree = "<group>"; };
		5CA77268119DE449000C0142 /* z80_op_cb.h */ = {isa = PBXFileReference; fileEncoding = 4; lastKnownFileType = sourcecode.c.h; path = z80_op_cb.h; sourceTree = "<group>"; };
		5CA77269119DE449000C0142 /* z80_op_dd.h */ = {isa = PBXFileReference; fileEncoding = 4; lastKnownFileType = sourcecode.c.h; path = z80_op_dd.h; sourceTree = "<group>"; };
		5CA7726A119DE449000C0142 /* z80_op_ddcb.h */ = {isa = PBXFileReference; fileEncoding = 4; lastKnownFileType = sourcecode.c.h; path = z80_op_ddcb.h; sourceTree = "<group>"; };
		5CA7726B119DE449000C0142 /* z80_op_ed.h */ = {isa = PBXFileReference; fileEncoding = 4; lastKnownFileType = sourcecode.c.h; path = z80_op_ed.h; sourceTree = "<group>"; };
		5CA7726C119DE449000C0142 /* z80_op_fd.h */ = {isa = PBXFileReference; fileEncoding = 4; lastKnownFileType = sourcecode.c.h; path = z80_op_fd.h; sourceTree = "<group>"; };
		5CA7726D119DE449000C0142 /* z80_op_noprefix.h */ = {isa = PBXFileReference; fileEncoding = 4; lastKnownFileType = sourcecode.c.h; path = z80_op_noprefix.h; sourceTree = "<group>"; };
		5CA7726E119DE449000C0142 /* z80_op_tables.cpp */ = {isa = PBXFileReference; fileEncoding = 4; lastKnownFileType = sourcecode.cpp.cpp; path = z80_op_tables.cpp; sourceTree = "<group>"; };
		5CA7726F119DE449000C0142 /* z80_op_tables.h */ = {isa = PBXFileReference; fileEncoding = 4; lastKnownFileType = sourcecode.c.h; path = z80_op_tables.h; sourceTree = "<group>"; };
		5CA77270119DE449000C0142 /* z80_opcodes.cpp */ = {isa = PBXFileReference; fileEncoding = 4; lastKnownFileType = sourcecode.cpp.cpp; path = z80_opcodes.cpp; sourceTree = "<group>"; };
		5CD2CF2E11A03E39007A7F80 /* unreal_speccy_portable.icns */ = {isa = PBXFileReference; lastKnownFileType = image.icns; name = unreal_speccy_portable.icns; path = build/mac/unreal_speccy_portable.icns; sourceTree = "<group>"; };
/* End PBXFileReference section */

/* Begin PBXFrameworksBuildPhase section */
		5CA765F6119DD606000C0142 /* Frameworks */ = {
			isa = PBXFrameworksBuildPhase;
			buildActionMask = 2147483647;
			files = (
			);
			runOnlyForDeploymentPostprocessing = 0;
		};
/* End PBXFrameworksBuildPhase section */

/* Begin PBXGroup section */
		08FB7794FE84155DC02AAC07 /* usp */ = {
			isa = PBXGroup;
			children = (
				5C7E10D7119EF4D800C8A7BC /* res */,
				5CA7718A119DE435000C0142 /* Source */,
				1AB674ADFE9D54B511CA2CBB /* Products */,
				5C050F64119F2CDF003EE1DB /* unreal_speccy_portable-Info.plist */,
				5CD2CF2E11A03E39007A7F80 /* unreal_speccy_portable.icns */,
			);
			name = usp;
			sourceTree = "<group>";
		};
		1AB674ADFE9D54B511CA2CBB /* Products */ = {
			isa = PBXGroup;
			children = (
				5CA765F8119DD606000C0142 /* unreal_speccy_portable.app */,
			);
			name = Products;
			sourceTree = "<group>";
		};
		5C75A00111C2BB580011E0F7 /* snapshot */ = {
			isa = PBXGroup;
			children = (
				5C80606C11DFB4E1009B9B6A /* screenshot.cpp */,
				5C75A00211C2BB580011E0F7 /* snapshot.cpp */,
				5C75A00311C2BB580011E0F7 /* snapshot.h */,
			);
			path = snapshot;
			sourceTree = "<group>";
		};
		5C75A00611C2BB760011E0F7 /* ui */ = {
			isa = PBXGroup;
			children = (
				5C75A00711C2BB760011E0F7 /* ui.cpp */,
				5C75A00811C2BB760011E0F7 /* ui.h */,
				5C75A00911C2BB760011E0F7 /* ui_button.cpp */,
				5C75A00A11C2BB760011E0F7 /* ui_button.h */,
				5C75A00B11C2BB760011E0F7 /* ui_control.cpp */,
				5C75A00C11C2BB760011E0F7 /* ui_control.h */,
				5C75A00D11C2BB760011E0F7 /* ui_desktop.cpp */,
				5C75A00E11C2BB760011E0F7 /* ui_desktop.h */,
				5C75A00F11C2BB760011E0F7 /* ui_dialog.cpp */,
				5C75A01011C2BB760011E0F7 /* ui_dialog.h */,
				5C75A01111C2BB760011E0F7 /* ui_list.cpp */,
				5C75A01211C2BB760011E0F7 /* ui_list.h */,
			);
			path = ui;
			sourceTree = "<group>";
		};
		5C75A01F11C2BBAA0011E0F7 /* custom_ui */ = {
			isa = PBXGroup;
			children = (
				5C80605A11DFB470009B9B6A /* ui_profiler.cpp */,
				5C75A02011C2BBAA0011E0F7 /* ui_file_open.cpp */,
				5C75A02111C2BBAA0011E0F7 /* ui_file_open.h */,
				5C75A02211C2BBAA0011E0F7 /* ui_keyboard.cpp */,
				5C75A02311C2BBAA0011E0F7 /* ui_keyboard.h */,
				5C75A02411C2BBAA0011E0F7 /* ui_main.cpp */,
				5C75A02511C2BBAA0011E0F7 /* ui_main.h */,
				5C75A02611C2BBAA0011E0F7 /* ui_menu.cpp */,
				5C75A02711C2BBAA0011E0F7 /* ui_menu.h */,
			);
			path = custom_ui;
			sourceTree = "<group>";
		};
		5C75A03611C2BBFC0011E0F7 /* tinyxml */ = {
			isa = PBXGroup;
			children = (
				5C75A03711C2BBFC0011E0F7 /* tinystr.cpp */,
				5C75A03811C2BBFC0011E0F7 /* tinystr.h */,
				5C75A03911C2BBFC0011E0F7 /* tinyxml.cpp */,
				5C75A03A11C2BBFC0011E0F7 /* tinyxml.h */,
				5C75A03B11C2BBFC0011E0F7 /* tinyxmlerror.cpp */,
				5C75A03C11C2BBFC0011E0F7 /* tinyxmlparser.cpp */,
			);
			path = tinyxml;
			sourceTree = "<group>";
		};
		5C75A03D11C2BBFC0011E0F7 /* zlib */ = {
			isa = PBXGroup;
			children = (
				5C75A03E11C2BBFC0011E0F7 /* adler32.c */,
				5C75A03F11C2BBFC0011E0F7 /* crc32.c */,
				5C75A04011C2BBFC0011E0F7 /* crc32.h */,
				5C75A04111C2BBFC0011E0F7 /* crypt.h */,
				5C75A04211C2BBFC0011E0F7 /* deflate.c */,
				5C75A04311C2BBFC0011E0F7 /* deflate.h */,
				5C75A04411C2BBFC0011E0F7 /* infback.c */,
				5C75A04511C2BBFC0011E0F7 /* inffast.c */,
				5C75A04611C2BBFC0011E0F7 /* inffast.h */,
				5C75A04711C2BBFC0011E0F7 /* inffixed.h */,
				5C75A04811C2BBFC0011E0F7 /* inflate.c */,
				5C75A04911C2BBFC0011E0F7 /* inflate.h */,
				5C75A04A11C2BBFC0011E0F7 /* inftrees.c */,
				5C75A04B11C2BBFC0011E0F7 /* inftrees.h */,
				5C75A04C11C2BBFC0011E0F7 /* ioapi.c */,
				5C75A04D11C2BBFC0011E0F7 /* ioapi.h */,
				5C75A04E11C2BBFC0011E0F7 /* trees.c */,
				5C75A04F11C2BBFC0011E0F7 /* trees.h */,
				5C75A05011C2BBFC0011E0F7 /* uncompr.c */,
				5C75A05111C2BBFC0011E0F7 /* unzip.c */,
				5C75A05211C2BBFC0011E0F7 /* unzip.h */,
				5C75A05311C2BBFC0011E0F7 /* zconf.h */,
				5C75A05411C2BBFC0011E0F7 /* zlib.h */,
				5C75A05511C2BBFC0011E0F7 /* zutil.c */,
				5C75A05611C2BBFC0011E0F7 /* zutil.h */,
			);
			path = zlib;
			sourceTree = "<group>";
		};
		5C80606F11DFB524009B9B6A /* libpng */ = {
			isa = PBXGroup;
			children = (
				5C80607011DFB524009B9B6A /* png.c */,
				5C80607111DFB524009B9B6A /* png.h */,
				5C80607211DFB524009B9B6A /* pngconf.h */,
				5C80607311DFB524009B9B6A /* pngerror.c */,
				5C80607411DFB524009B9B6A /* pngget.c */,
				5C80607511DFB524009B9B6A /* pngmem.c */,
				5C80607611DFB524009B9B6A /* pngpriv.h */,
				5C80607711DFB524009B9B6A /* pngset.c */,
				5C80607811DFB524009B9B6A /* pngtrans.c */,
				5C80607911DFB524009B9B6A /* pngusr.h */,
				5C80607A11DFB524009B9B6A /* pngwio.c */,
				5C80607B11DFB524009B9B6A /* pngwrite.c */,
				5C80607C11DFB524009B9B6A /* pngwtran.c */,
				5C80607D11DFB524009B9B6A /* pngwutil.c */,
			);
			path = libpng;
			sourceTree = "<group>";
		};
		5C87D56811A1F5B500CC595A /* platform */ = {
			isa = PBXGroup;
			children = (
				5C75A01F11C2BBAA0011E0F7 /* custom_ui */,
				5C87D57611A1F5B500CC595A /* gl */,
				5C87D57F11A1F5B500CC595A /* mac */,
				5C87D58111A1F5B500CC595A /* oal */,
				5C87D58E11A1F5B500CC595A /* wxwidgets */,
				5C87D57B11A1F5B500CC595A /* io.cpp */,
				5C87D57C11A1F5B500CC595A /* io.h */,
				5C87D58311A1F5B500CC595A /* platform.cpp */,
				5C87D58411A1F5B500CC595A /* platform.h */,
				5C45C2941427E400001323D0 /* endian.h */,
			);
			path = platform;
			sourceTree = "<group>";
		};
		5C87D57611A1F5B500CC595A /* gl */ = {
			isa = PBXGroup;
			children = (
				5C87D57711A1F5B500CC595A /* draw.cpp */,
				5C87D57811A1F5B500CC595A /* vsync.cpp */,
			);
			path = gl;
			sourceTree = "<group>";
		};
		5C87D57F11A1F5B500CC595A /* mac */ = {
			isa = PBXGroup;
			children = (
				5C87D58011A1F5B500CC595A /* mac.cpp */,
			);
			path = mac;
			sourceTree = "<group>";
		};
		5C87D58111A1F5B500CC595A /* oal */ = {
			isa = PBXGroup;
			children = (
				5C87D58211A1F5B500CC595A /* oal.cpp */,
			);
			path = oal;
			sourceTree = "<group>";
		};
		5C87D58E11A1F5B500CC595A /* wxwidgets */ = {
			isa = PBXGroup;
			children = (
				5C87D58F11A1F5B500CC595A /* main_wx.cpp */,
			);
			path = wxwidgets;
			sourceTree = "<group>";
		};
		5CA7718A119DE435000C0142 /* Source */ = {
			isa = PBXGroup;
			children = (
				5C75A00611C2BB760011E0F7 /* ui */,
				5C75A00111C2BB580011E0F7 /* snapshot */,
				5C87D56811A1F5B500CC595A /* platform */,
				5CA77207119DE448000C0142 /* devices */,
				5CA7724E119DE449000C0142 /* tools */,
				5CA77264119DE449000C0142 /* z80 */,
				5C75A0AC11C2BF190011E0F7 /* options_common.cpp */,
				5C80605811DFB40E009B9B6A /* options_common.h */,
				5C1FB1D4119DE5A1003F1D22 /* main.cpp */,
				5CA7724A119DE449000C0142 /* speccy.cpp */,
				5CA7724B119DE449000C0142 /* speccy.h */,
				5CA7724C119DE449000C0142 /* std.h */,
				5CA7724D119DE449000C0142 /* std_types.h */,
			);
			name = Source;
			sourceTree = "<group>";
		};
		5CA77207119DE448000C0142 /* devices */ = {
			isa = PBXGroup;
			children = (
				5CA7720A119DE448000C0142 /* fdd */,
				5CA7720F119DE448000C0142 /* input */,
				5CA7721A119DE448000C0142 /* sound */,
				5CA77208119DE448000C0142 /* device.cpp */,
				5CA77209119DE448000C0142 /* device.h */,
				5CA77218119DE448000C0142 /* memory.cpp */,
				5CA77219119DE448000C0142 /* memory.h */,
				5CA77221119DE448000C0142 /* ula.cpp */,
				5CA77222119DE448000C0142 /* ula.h */,
			);
			path = devices;
			sourceTree = "<group>";
		};
		5CA7720A119DE448000C0142 /* fdd */ = {
			isa = PBXGroup;
			children = (
				5CA7720B119DE448000C0142 /* fdd.cpp */,
				5CA7720C119DE448000C0142 /* fdd.h */,
				5CA7720D119DE448000C0142 /* wd1793.cpp */,
				5CA7720E119DE448000C0142 /* wd1793.h */,
			);
			path = fdd;
			sourceTree = "<group>";
		};
		5CA7720F119DE448000C0142 /* input */ = {
			isa = PBXGroup;
			children = (
				5CA77210119DE448000C0142 /* kempston_joy.cpp */,
				5CA77211119DE448000C0142 /* kempston_joy.h */,
				5CA77212119DE448000C0142 /* kempston_mouse.cpp */,
				5CA77213119DE448000C0142 /* kempston_mouse.h */,
				5CA77214119DE448000C0142 /* keyboard.cpp */,
				5CA77215119DE448000C0142 /* keyboard.h */,
				5CA77216119DE448000C0142 /* tape.cpp */,
				5CA77217119DE448000C0142 /* tape.h */,
			);
			path = input;
			sourceTree = "<group>";
		};
		5CA7721A119DE448000C0142 /* sound */ = {
			isa = PBXGroup;
			children = (
				5CA7721B119DE448000C0142 /* ay.cpp */,
				5CA7721C119DE448000C0142 /* ay.h */,
				5CA7721D119DE448000C0142 /* beeper.cpp */,
				5CA7721E119DE448000C0142 /* beeper.h */,
				5CA7721F119DE448000C0142 /* device_sound.cpp */,
				5CA77220119DE448000C0142 /* device_sound.h */,
			);
			path = sound;
			sourceTree = "<group>";
		};
		5CA7724E119DE449000C0142 /* tools */ = {
			isa = PBXGroup;
			children = (
				5C80606F11DFB524009B9B6A /* libpng */,
				5C75A03611C2BBFC0011E0F7 /* tinyxml */,
				5C75A03D11C2BBFC0011E0F7 /* zlib */,
				5C80605911DFB43B009B9B6A /* io_select.h */,
				5C75A03311C2BBFC0011E0F7 /* list.h */,
				5C75A03411C2BBFC0011E0F7 /* options.cpp */,
				5C75A03511C2BBFC0011E0F7 /* options.h */,
				5CA7724F119DE449000C0142 /* log.cpp */,
				5CA77250119DE449000C0142 /* log.h */,
				5CA77251119DE449000C0142 /* profiler.cpp */,
				5CA77252119DE449000C0142 /* profiler.h */,
				5CA77253119DE449000C0142 /* tick.h */,
				5CA77254119DE449000C0142 /* tick_clock.h */,
				5CA77257119DE449000C0142 /* time.h */,
			);
			path = tools;
			sourceTree = "<group>";
		};
		5CA77264119DE449000C0142 /* z80 */ = {
			isa = PBXGroup;
			children = (
				5CA77265119DE449000C0142 /* z80.cpp */,
				5CA77266119DE449000C0142 /* z80.h */,
				5CA77267119DE449000C0142 /* z80_op.h */,
				5CA77268119DE449000C0142 /* z80_op_cb.h */,
				5CA77269119DE449000C0142 /* z80_op_dd.h */,
				5CA7726A119DE449000C0142 /* z80_op_ddcb.h */,
				5CA7726B119DE449000C0142 /* z80_op_ed.h */,
				5CA7726C119DE449000C0142 /* z80_op_fd.h */,
				5CA7726D119DE449000C0142 /* z80_op_noprefix.h */,
				5CA7726E119DE449000C0142 /* z80_op_tables.cpp */,
				5CA7726F119DE449000C0142 /* z80_op_tables.h */,
				5CA77270119DE449000C0142 /* z80_opcodes.cpp */,
			);
			path = z80;
			sourceTree = "<group>";
		};
/* End PBXGroup section */

/* Begin PBXNativeTarget section */
		5CA765F7119DD606000C0142 /* unreal_speccy_portable */ = {
			isa = PBXNativeTarget;
			buildConfigurationList = 5CA765FD119DD608000C0142 /* Build configuration list for PBXNativeTarget "unreal_speccy_portable" */;
			buildPhases = (
				5CA765F4119DD606000C0142 /* Resources */,
				5CA765F5119DD606000C0142 /* Sources */,
				5CA765F6119DD606000C0142 /* Frameworks */,
			);
			buildRules = (
			);
			dependencies = (
			);
			name = unreal_speccy_portable;
			productName = unreal_speccy_portable;
			productReference = 5CA765F8119DD606000C0142 /* unreal_speccy_portable.app */;
			productType = "com.apple.product-type.application";
		};
/* End PBXNativeTarget section */

/* Begin PBXProject section */
		08FB7793FE84155DC02AAC07 /* Project object */ = {
			isa = PBXProject;
			buildConfigurationList = 1DEB923508733DC60010E9CD /* Build configuration list for PBXProject "usp" */;
			compatibilityVersion = "Xcode 2.4";
			developmentRegion = English;
			hasScannedForEncodings = 1;
			knownRegions = (
				English,
				Japanese,
				French,
				German,
			);
			mainGroup = 08FB7794FE84155DC02AAC07 /* usp */;
			projectDirPath = "";
			projectRoot = "";
			targets = (
				5CA765F7119DD606000C0142 /* unreal_speccy_portable */,
			);
		};
/* End PBXProject section */

/* Begin PBXResourcesBuildPhase section */
		5CA765F4119DD606000C0142 /* Resources */ = {
			isa = PBXResourcesBuildPhase;
			buildActionMask = 2147483647;
			files = (
				5C7E10E3119EF4D800C8A7BC /* res in Resources */,
				5CD2CF2F11A03E39007A7F80 /* unreal_speccy_portable.icns in Resources */,
			);
			runOnlyForDeploymentPostprocessing = 0;
		};
/* End PBXResourcesBuildPhase section */

/* Begin PBXSourcesBuildPhase section */
		5CA765F5119DD606000C0142 /* Sources */ = {
			isa = PBXSourcesBuildPhase;
			buildActionMask = 2147483647;
			files = (
				5CA77318119DE44A000C0142 /* device.cpp in Sources */,
				5CA77319119DE44A000C0142 /* fdd.cpp in Sources */,
				5CA7731A119DE44A000C0142 /* wd1793.cpp in Sources */,
				5CA7731B119DE44A000C0142 /* kempston_joy.cpp in Sources */,
				5CA7731C119DE44A000C0142 /* kempston_mouse.cpp in Sources */,
				5CA7731D119DE44A000C0142 /* keyboard.cpp in Sources */,
				5CA7731E119DE44A000C0142 /* tape.cpp in Sources */,
				5CA7731F119DE44A000C0142 /* memory.cpp in Sources */,
				5CA77320119DE44A000C0142 /* ay.cpp in Sources */,
				5CA77321119DE44A000C0142 /* beeper.cpp in Sources */,
				5CA77322119DE44A000C0142 /* device_sound.cpp in Sources */,
				5CA77323119DE44A000C0142 /* ula.cpp in Sources */,
				5CA7733A119DE44A000C0142 /* speccy.cpp in Sources */,
				5CA7733B119DE44A000C0142 /* log.cpp in Sources */,
				5CA7733C119DE44A000C0142 /* profiler.cpp in Sources */,
				5CA77342119DE44A000C0142 /* z80.cpp in Sources */,
				5CA77343119DE44A000C0142 /* z80_op_tables.cpp in Sources */,
				5CA77344119DE44A000C0142 /* z80_opcodes.cpp in Sources */,
				5C1FB1D6119DE5A1003F1D22 /* main.cpp in Sources */,
				5C87D59511A1F5B500CC595A /* draw.cpp in Sources */,
				5C87D59611A1F5B500CC595A /* vsync.cpp in Sources */,
				5C87D59811A1F5B500CC595A /* io.cpp in Sources */,
				5C87D59911A1F5B500CC595A /* mac.cpp in Sources */,
				5C87D59A11A1F5B500CC595A /* oal.cpp in Sources */,
				5C87D59B11A1F5B500CC595A /* platform.cpp in Sources */,
				5C87D5A011A1F5B500CC595A /* main_wx.cpp in Sources */,
				5C75A00411C2BB580011E0F7 /* snapshot.cpp in Sources */,
				5C75A01311C2BB760011E0F7 /* ui.cpp in Sources */,
				5C75A01411C2BB760011E0F7 /* ui_button.cpp in Sources */,
				5C75A01511C2BB760011E0F7 /* ui_control.cpp in Sources */,
				5C75A01611C2BB760011E0F7 /* ui_desktop.cpp in Sources */,
				5C75A01711C2BB760011E0F7 /* ui_dialog.cpp in Sources */,
				5C75A01811C2BB760011E0F7 /* ui_list.cpp in Sources */,
				5C75A02811C2BBAA0011E0F7 /* ui_file_open.cpp in Sources */,
				5C75A02911C2BBAA0011E0F7 /* ui_keyboard.cpp in Sources */,
				5C75A02A11C2BBAA0011E0F7 /* ui_main.cpp in Sources */,
				5C75A02B11C2BBAA0011E0F7 /* ui_menu.cpp in Sources */,
				5C75A05711C2BBFC0011E0F7 /* options.cpp in Sources */,
				5C75A05811C2BBFC0011E0F7 /* tinystr.cpp in Sources */,
				5C75A05911C2BBFC0011E0F7 /* tinyxml.cpp in Sources */,
				5C75A05A11C2BBFC0011E0F7 /* tinyxmlerror.cpp in Sources */,
				5C75A05B11C2BBFC0011E0F7 /* tinyxmlparser.cpp in Sources */,
				5C75A05C11C2BBFC0011E0F7 /* adler32.c in Sources */,
				5C75A05D11C2BBFC0011E0F7 /* crc32.c in Sources */,
				5C75A05E11C2BBFC0011E0F7 /* deflate.c in Sources */,
				5C75A05F11C2BBFC0011E0F7 /* infback.c in Sources */,
				5C75A06011C2BBFC0011E0F7 /* inffast.c in Sources */,
				5C75A06111C2BBFC0011E0F7 /* inflate.c in Sources */,
				5C75A06211C2BBFC0011E0F7 /* inftrees.c in Sources */,
				5C75A06311C2BBFC0011E0F7 /* ioapi.c in Sources */,
				5C75A06411C2BBFC0011E0F7 /* trees.c in Sources */,
				5C75A06511C2BBFC0011E0F7 /* uncompr.c in Sources */,
				5C75A06611C2BBFC0011E0F7 /* unzip.c in Sources */,
				5C75A06711C2BBFC0011E0F7 /* zutil.c in Sources */,
				5C75A0AD11C2BF190011E0F7 /* options_common.cpp in Sources */,
				5C80605B11DFB470009B9B6A /* ui_profiler.cpp in Sources */,
				5C80606D11DFB4E1009B9B6A /* screenshot.cpp in Sources */,
				5C80607E11DFB525009B9B6A /* png.c in Sources */,
				5C80607F11DFB525009B9B6A /* pngerror.c in Sources */,
				5C80608011DFB525009B9B6A /* pngget.c in Sources */,
				5C80608111DFB525009B9B6A /* pngmem.c in Sources */,
				5C80608211DFB525009B9B6A /* pngset.c in Sources */,
				5C80608311DFB525009B9B6A /* pngtrans.c in Sources */,
				5C80608411DFB525009B9B6A /* pngwio.c in Sources */,
				5C80608511DFB525009B9B6A /* pngwrite.c in Sources */,
				5C80608611DFB525009B9B6A /* pngwtran.c in Sources */,
				5C80608711DFB525009B9B6A /* pngwutil.c in Sources */,
			);
			runOnlyForDeploymentPostprocessing = 0;
		};
/* End PBXSourcesBuildPhase section */

/* Begin XCBuildConfiguration section */
		1DEB923608733DC60010E9CD /* Debug */ = {
			isa = XCBuildConfiguration;
			buildSettings = {
				ARCHS = "$(ONLY_ACTIVE_ARCH_PRE_XCODE_3_1)";
				GCC_C_LANGUAGE_STANDARD = gnu99;
				GCC_OPTIMIZATION_LEVEL = 0;
				GCC_PREPROCESSOR_DEFINITIONS = _MAC;
				GCC_VERSION = 4.0;
				GCC_WARN_ABOUT_RETURN_TYPE = YES;
				GCC_WARN_UNUSED_VARIABLE = YES;
				HEADER_SEARCH_PATHS = "";
				ONLY_ACTIVE_ARCH_PRE_XCODE_3_1 = "$(NATIVE_ARCH)";
				OTHER_CPLUSPLUSFLAGS = (
					"$(OTHER_CFLAGS)",
					"-I/usr/lib/wx/include/mac-unicode-debug-2.8",
					"-I/usr/include/wx-2.8",
					"-D_FILE_OFFSET_BITS=64",
					"-D_LARGE_FILES",
					"-D__WXDEBUG__",
					"-D__WXMAC__",
				);
				OTHER_LDFLAGS = (
					"-framework",
					IOKit,
					"-framework",
					Carbon,
					"-framework",
					Cocoa,
					"-framework",
					System,
					"-framework",
					QuickTime,
					"-framework",
					OpenGL,
					"-framework",
					AGL,
					"-framework",
					OpenAL,
					"-lwx_macud_gl-2.8",
					"-lwx_macud_core-2.8",
					"-lwx_base_carbonud-2.8",
					"-liconv",
				);
				PREBINDING = NO;
				SDKROOT = /Developer/SDKs/MacOSX10.4u.sdk;
			};
			name = Debug;
		};
		1DEB923708733DC60010E9CD /* Release */ = {
			isa = XCBuildConfiguration;
			buildSettings = {
				ARCHS = "$(ONLY_ACTIVE_ARCH_PRE_XCODE_3_1)";
				DEAD_CODE_STRIPPING = YES;
				GCC_C_LANGUAGE_STANDARD = gnu99;
				GCC_GENERATE_DEBUGGING_SYMBOLS = NO;
				GCC_PREPROCESSOR_DEFINITIONS = _MAC;
				GCC_THREADSAFE_STATICS = NO;
				GCC_VERSION = 4.0;
				GCC_WARN_ABOUT_RETURN_TYPE = YES;
				GCC_WARN_UNUSED_VARIABLE = YES;
				HEADER_SEARCH_PATHS = (
					"~/Downloads/wxMac-2.8.11/include",
					"~/Downloads/wxMac-2.8.11/lib/wx/include/mac-unicode-release-static-2.8",
				);
				LIBRARY_SEARCH_PATHS = "~/Downloads/wxMac-2.8.11/lib";
				ONLY_ACTIVE_ARCH_PRE_XCODE_3_1 = "$(NATIVE_ARCH)";
				OTHER_CPLUSPLUSFLAGS = (
					"$(OTHER_CFLAGS)",
					"-D_FILE_OFFSET_BITS=64",
					"-D_LARGE_FILES",
					"-D__WXMAC__",
				);
				OTHER_LDFLAGS = (
					"-framework",
					IOKit,
					"-framework",
					Carbon,
					"-framework",
					Cocoa,
					"-framework",
					System,
					"-framework",
					QuickTime,
					"-framework",
					OpenGL,
					"-framework",
					AGL,
					"-framework",
					OpenAL,
					"-lwx_macu_gl-2.8",
					"-lwx_macu_core-2.8",
					"-lwx_base_carbonu-2.8",
					"-liconv",
				);
				PREBINDING = NO;
				SDKROOT = /Developer/SDKs/MacOSX10.4u.sdk;
			};
			name = Release;
		};
		5CA765FB119DD607000C0142 /* Debug */ = {
			isa = XCBuildConfiguration;
			buildSettings = {
				ALWAYS_SEARCH_USER_PATHS = NO;
				COPY_PHASE_STRIP = NO;
				GCC_DYNAMIC_NO_PIC = NO;
				GCC_ENABLE_FIX_AND_CONTINUE = YES;
				GCC_INLINES_ARE_PRIVATE_EXTERN = NO;
				GCC_MODEL_TUNING = G5;
				GCC_OPTIMIZATION_LEVEL = 0;
				GCC_PRECOMPILE_PREFIX_HEADER = YES;
				GCC_PREFIX_HEADER = "";
				GCC_SYMBOLS_PRIVATE_EXTERN = NO;
				INFOPLIST_FILE = "build/mac/unreal_speccy_portable-Info.plist";
				INSTALL_PATH = "$(HOME)/Applications";
				PREBINDING = NO;
				PRODUCT_NAME = unreal_speccy_portable;
			};
			name = Debug;
		};
		5CA765FC119DD607000C0142 /* Release */ = {
			isa = XCBuildConfiguration;
			buildSettings = {
				ALWAYS_SEARCH_USER_PATHS = NO;
				COPY_PHASE_STRIP = YES;
				DEBUG_INFORMATION_FORMAT = "";
				GCC_ENABLE_FIX_AND_CONTINUE = NO;
				GCC_INLINES_ARE_PRIVATE_EXTERN = NO;
				GCC_MODEL_TUNING = G5;
				GCC_PRECOMPILE_PREFIX_HEADER = YES;
				GCC_PREFIX_HEADER = "";
				GCC_SYMBOLS_PRIVATE_EXTERN = NO;
				INFOPLIST_FILE = "build/mac/unreal_speccy_portable-Info.plist";
				INSTALL_PATH = "$(HOME)/Applications";
				PREBINDING = NO;
				PRODUCT_NAME = unreal_speccy_portable;
				ZERO_LINK = NO;
			};
			name = Release;
		};
/* End XCBuildConfiguration section */

/* Begin XCConfigurationList section */
		1DEB923508733DC60010E9CD /* Build configuration list for PBXProject "usp" */ = {
			isa = XCConfigurationList;
			buildConfigurations = (
				1DEB923608733DC60010E9CD /* Debug */,
				1DEB923708733DC60010E9CD /* Release */,
			);
			defaultConfigurationIsVisible = 0;
			defaultConfigurationName = Release;
		};
		5CA765FD119DD608000C0142 /* Build configuration list for PBXNativeTarget "unreal_speccy_portable" */ = {
			isa = XCConfigurationList;
			buildConfigurations = (
				5CA765FB119DD607000C0142 /* Debug */,
				5CA765FC119DD607000C0142 /* Release */,
			);
			defaultConfigurationIsVisible = 0;
			defaultConfigurationName = Release;
		};
/* End XCConfigurationList section */
	};
	rootObject = 08FB7793FE84155DC02AAC07 /* Project object */;
}
